// !$*UTF8*$!
{
	archiveVersion = 1;
	classes = {
	};
	objectVersion = 46;
	objects = {
/* Begin PBXBuildFile section */
		0207DA581B56EA530066E2B4 /* Images.xcassets in Resources */ = {isa = PBXBuildFile; fileRef = 0207DA571B56EA530066E2B4 /* Images.xcassets */; };
		1271AF2D010146C8B3D806F8 /* CDVAssetLibraryFilesystem.m in Sources */ = {isa = PBXBuildFile; fileRef = 88B98DF31C4B4EFCBFB19630 /* CDVAssetLibraryFilesystem.m */; };
		1817B9C28FCF40EC830365EB /* Flashlight.m in Sources */ = {isa = PBXBuildFile; fileRef = 596B17AE3C9E41CB840C42F2 /* Flashlight.m */; };
		1D3623260D0F684500981E51 /* AppDelegate.m in Sources */ = {isa = PBXBuildFile; fileRef = 1D3623250D0F684500981E51 /* AppDelegate.m */; };
		1D60589B0D05DD56006BFB54 /* main.m in Sources */ = {isa = PBXBuildFile; fileRef = 29B97316FDCFA39411CA2CEA /* main.m */; };
		301BF552109A68D80062928A /* libCordova.a in Frameworks */ = {isa = PBXBuildFile; fileRef = 301BF535109A57CC0062928A /* libCordova.a */; };
		302D95F114D2391D003F00A1 /* MainViewController.m in Sources */ = {isa = PBXBuildFile; fileRef = 302D95EF14D2391D003F00A1 /* MainViewController.m */; };
		302D95F214D2391D003F00A1 /* MainViewController.xib in Resources */ = {isa = PBXBuildFile; fileRef = 302D95F014D2391D003F00A1 /* MainViewController.xib */; };
		31FEBA43F5764CC6BAB49196 /* GCDWebServerMultiPartFormRequest.m in Sources */ = {isa = PBXBuildFile; fileRef = DF3357AEB9AB4B938A2168BC /* GCDWebServerMultiPartFormRequest.m */; };
		3483FA99624A4D8FA3BFEBE8 /* GCDWebServerFunctions.m in Sources */ = {isa = PBXBuildFile; fileRef = EF2CD866AD4C4DA2B48810A6 /* GCDWebServerFunctions.m */; };
		3FC60B9EB2DF4B9DB1913EFA /* GCDWebServerDataResponse.m in Sources */ = {isa = PBXBuildFile; fileRef = 69D0049CE9CC4A6DA01B78FA /* GCDWebServerDataResponse.m */; };
		43AB40FC649642B89D24DFF8 /* CDVDevice.m in Sources */ = {isa = PBXBuildFile; fileRef = 5751928523E742F7B4273E87 /* CDVDevice.m */; };
		57426BF13F1442E78744F119 /* WebKit.framework in Frameworks */ = {isa = PBXBuildFile; fileRef = 1A832CB397154505896A4858 /* WebKit.framework */; settings = {ATTRIBUTES = (Weak, ); }; };
		5978164B15B34B96A7D7ED9E /* QRScanner.swift in Sources */ = {isa = PBXBuildFile; fileRef = 328F650FC40C4DD08EDC52CB /* QRScanner.swift */; };
		5D92B7BB33B24B89BA94AEE6 /* GCDWebServerDataRequest.m in Sources */ = {isa = PBXBuildFile; fileRef = 67ABBBA93B564665ACA1CB71 /* GCDWebServerDataRequest.m */; };
		64ABFC1077B646C4B7797FDC /* sqlite3.c in Sources */ = {isa = PBXBuildFile; fileRef = 6F468D57B0C5461C891B4171 /* sqlite3.c */; settings = {COMPILER_FLAGS = "-w -DSQLITE_THREADSAFE=1 -DSQLITE_DEFAULT_MEMSTATUS=0 -DSQLITE_OMIT_DECLTYPE -DSQLITE_OMIT_DEPRECATED -DSQLITE_OMIT_PROGRESS_CALLBACK -DSQLITE_OMIT_SHARED_CACHE -DSQLITE_TEMP_STORE=2 -DSQLITE_OMIT_LOAD_EXTENSION -DSQLITE_ENABLE_FTS3 -DSQLITE_ENABLE_FTS3_PARENTHESIS -DSQLITE_ENABLE_FTS4 -DSQLITE_ENABLE_RTREE -DSQLITE_DEFAULT_PAGE_SIZE=1024 -DSQLITE_DEFAULT_CACHE_SIZE=2000"; }; };
		654D2363ABDE45FD9E7CF215 /* CDVLocalFilesystem.m in Sources */ = {isa = PBXBuildFile; fileRef = 74D6899BB0B4420A96196C28 /* CDVLocalFilesystem.m */; };
		6AFF5BF91D6E424B00AB3073 /* CDVLaunchScreen.storyboard in Resources */ = {isa = PBXBuildFile; fileRef = 6AFF5BF81D6E424B00AB3073 /* CDVLaunchScreen.storyboard */; };
		717891DDA7504FAD91F44B5F /* GCDWebServerURLEncodedFormRequest.m in Sources */ = {isa = PBXBuildFile; fileRef = B28F9319896D447F8B3613FA /* GCDWebServerURLEncodedFormRequest.m */; };
		7D6F1C571D83427FAE0E0585 /* CDVFileTransfer.m in Sources */ = {isa = PBXBuildFile; fileRef = 69B0584FF00E427297E78099 /* CDVFileTransfer.m */; };
		82D3AE8A80274C0DB9A25825 /* SQLitePlugin.m in Sources */ = {isa = PBXBuildFile; fileRef = A57D5F388C324F839AC1722E /* SQLitePlugin.m */; };
		865865DF240D4D5FB96C210E /* CDVWKWebViewEngine.m in Sources */ = {isa = PBXBuildFile; fileRef = 8D056B75B3384CE99F3787B0 /* CDVWKWebViewEngine.m */; };
		886C385474A94A28A9CA828B /* GCDWebServerStreamedResponse.m in Sources */ = {isa = PBXBuildFile; fileRef = 9D658A6B838B4FCFAF6C899B /* GCDWebServerStreamedResponse.m */; };
		90CD3E27D0D0495EB7A9D8DB /* libz.tbd in Frameworks */ = {isa = PBXBuildFile; fileRef = 4F1A40BDD2FA4FD4BB1495E6 /* libz.tbd */; };
		91EED5D95238404FA5903894 /* GCDWebServerFileResponse.m in Sources */ = {isa = PBXBuildFile; fileRef = 3F24138D8FD043CEAE9E0F78 /* GCDWebServerFileResponse.m */; };
		93AA8D3EE18241998B13B58C /* CDVSplashScreen.m in Sources */ = {isa = PBXBuildFile; fileRef = 785FD349E6794C4BBD6CCC94 /* CDVSplashScreen.m */; };
		964060A71A64422DA8888978 /* CDVInAppBrowser.m in Sources */ = {isa = PBXBuildFile; fileRef = 4A7C4E5E92BD4BA082F259FF /* CDVInAppBrowser.m */; };
		9B1951F2CF3A4E02BD512D15 /* CDVIonicKeyboard.m in Sources */ = {isa = PBXBuildFile; fileRef = ADC5B427D1694C688A6B8E7D /* CDVIonicKeyboard.m */; };
		A3E6C825A2D2480480934B70 /* GCDWebServer.m in Sources */ = {isa = PBXBuildFile; fileRef = 9ED9792499284E329BE50307 /* GCDWebServer.m */; };
		ADB8066C39F04230A11322AD /* CDVWKWebViewUIDelegate.m in Sources */ = {isa = PBXBuildFile; fileRef = 02D792EC884D4010942A0E1D /* CDVWKWebViewUIDelegate.m */; };
		BF6778CEA0214D22B280DE18 /* GCDWebServerConnection.m in Sources */ = {isa = PBXBuildFile; fileRef = E004C948A9524244B8C66064 /* GCDWebServerConnection.m */; };
		CA13C2AB86CB4F7588C75827 /* GCDWebServerRequest.m in Sources */ = {isa = PBXBuildFile; fileRef = D7701BFBA5A6467BB69B9F3A /* GCDWebServerRequest.m */; };
		DBF1F9F43F2F4566BB2B384B /* GCDWebServerResponse.m in Sources */ = {isa = PBXBuildFile; fileRef = 9F0CA8409D8E4D109C2D4793 /* GCDWebServerResponse.m */; };
		E1C32DBA451A4BB884E1BFF3 /* PSPDFThreadSafeMutableDictionary.m in Sources */ = {isa = PBXBuildFile; fileRef = F8CA375F55A948F29F85612C /* PSPDFThreadSafeMutableDictionary.m */; settings = {COMPILER_FLAGS = "-w"; }; };
		E4F64193F3FA4072A9CED4FD /* GCDWebServerFileRequest.m in Sources */ = {isa = PBXBuildFile; fileRef = 4ECD53F889004E1A96ABB11F /* GCDWebServerFileRequest.m */; };
		EDF84DDA47874DD0984A2F8E /* GCDWebServerErrorResponse.m in Sources */ = {isa = PBXBuildFile; fileRef = DCF68E36CEAA4F39AAF587D8 /* GCDWebServerErrorResponse.m */; };
		F42EBFC44656437DAF702CBC /* CDVWKProcessPoolFactory.m in Sources */ = {isa = PBXBuildFile; fileRef = DF285048B8C54A93A5B02C37 /* CDVWKProcessPoolFactory.m */; };
		F484252D71E843CD8BB26979 /* CDVFile.m in Sources */ = {isa = PBXBuildFile; fileRef = 312511904C8F4A8C96C88ED5 /* CDVFile.m */; };
		FBDBCCBB20A045340085E75D /* gipsol-logo.png in Resources */ = {isa = PBXBuildFile; fileRef = FBDBCC5E20A045340085E75D /* gipsol-logo.png */; };
		FBDBCCBC20A045340085E75D /* meter.png in Resources */ = {isa = PBXBuildFile; fileRef = FBDBCC6020A045340085E75D /* meter.png */; };
		FBDBCCBD20A045340085E75D /* ic_torch_on.png in Resources */ = {isa = PBXBuildFile; fileRef = FBDBCC6120A045340085E75D /* ic_torch_on.png */; };
		FBDBCCBE20A045340085E75D /* prevodnik.png in Resources */ = {isa = PBXBuildFile; fileRef = FBDBCC6220A045340085E75D /* prevodnik.png */; };
		FBDBCCBF20A045340085E75D /* qr.png in Resources */ = {isa = PBXBuildFile; fileRef = FBDBCC6320A045340085E75D /* qr.png */; };
		FBDBCCC020A045340085E75D /* ic_torch_off.png in Resources */ = {isa = PBXBuildFile; fileRef = FBDBCC6420A045340085E75D /* ic_torch_off.png */; };
		FBDBCCC120A045350085E75D /* vzdialenost.png in Resources */ = {isa = PBXBuildFile; fileRef = FBDBCC6520A045340085E75D /* vzdialenost.png */; };
		FBDBCCC220A045350085E75D /* logo.png in Resources */ = {isa = PBXBuildFile; fileRef = FBDBCC6620A045340085E75D /* logo.png */; };
		FBDBCCC320A045350085E75D /* ic_keyboard_arrow_right.png in Resources */ = {isa = PBXBuildFile; fileRef = FBDBCC6820A045340085E75D /* ic_keyboard_arrow_right.png */; };
		FBDBCCC420A045350085E75D /* ic_home.png in Resources */ = {isa = PBXBuildFile; fileRef = FBDBCC6920A045340085E75D /* ic_home.png */; };
		FBDBCCC520A045350085E75D /* ic_calculations.png in Resources */ = {isa = PBXBuildFile; fileRef = FBDBCC6A20A045340085E75D /* ic_calculations.png */; };
		FBDBCCC620A045350085E75D /* ic_swap_vert.png in Resources */ = {isa = PBXBuildFile; fileRef = FBDBCC6B20A045340085E75D /* ic_swap_vert.png */; };
		FBDBCCC720A045350085E75D /* ic_logo_blue.png in Resources */ = {isa = PBXBuildFile; fileRef = FBDBCC6C20A045340085E75D /* ic_logo_blue.png */; };
		FBDBCCC820A045350085E75D /* ic_facebook.png in Resources */ = {isa = PBXBuildFile; fileRef = FBDBCC6D20A045340085E75D /* ic_facebook.png */; };
		FBDBCCC920A045350085E75D /* ic_phone.png in Resources */ = {isa = PBXBuildFile; fileRef = FBDBCC6E20A045340085E75D /* ic_phone.png */; };
		FBDBCCCA20A045350085E75D /* ic_logo_white.png in Resources */ = {isa = PBXBuildFile; fileRef = FBDBCC6F20A045340085E75D /* ic_logo_white.png */; };
		FBDBCCCB20A045350085E75D /* ic_procedures.png in Resources */ = {isa = PBXBuildFile; fileRef = FBDBCC7020A045340085E75D /* ic_procedures.png */; };
		FBDBCCCC20A045350085E75D /* ic_star.png in Resources */ = {isa = PBXBuildFile; fileRef = FBDBCC7120A045340085E75D /* ic_star.png */; };
		FBDBCCCD20A045350085E75D /* ic_logo_white_long.png in Resources */ = {isa = PBXBuildFile; fileRef = FBDBCC7220A045340085E75D /* ic_logo_white_long.png */; };
		FBDBCCCE20A045350085E75D /* ic_settings.png in Resources */ = {isa = PBXBuildFile; fileRef = FBDBCC7320A045340085E75D /* ic_settings.png */; };
		FBDBCCCF20A045350085E75D /* ic_launcher.png in Resources */ = {isa = PBXBuildFile; fileRef = FBDBCC7420A045340085E75D /* ic_launcher.png */; };
		FBDBCCD020A045350085E75D /* ic_contacts_fax.png in Resources */ = {isa = PBXBuildFile; fileRef = FBDBCC7520A045340085E75D /* ic_contacts_fax.png */; };
		FBDBCCD120A045350085E75D /* ic_tools.png in Resources */ = {isa = PBXBuildFile; fileRef = FBDBCC7620A045340085E75D /* ic_tools.png */; };
		FBDBCCD220A045350085E75D /* ic_phone_blue.png in Resources */ = {isa = PBXBuildFile; fileRef = FBDBCC7720A045340085E75D /* ic_phone_blue.png */; };
		FBDBCCD320A045350085E75D /* ic_shopping_cart.png in Resources */ = {isa = PBXBuildFile; fileRef = FBDBCC7820A045340085E75D /* ic_shopping_cart.png */; };
		FBDBCCD420A045350085E75D /* news.png in Resources */ = {isa = PBXBuildFile; fileRef = FBDBCC7A20A045340085E75D /* news.png */; };
		FBDBCCD520A045350085E75D /* store.png in Resources */ = {isa = PBXBuildFile; fileRef = FBDBCC7B20A045340085E75D /* store.png */; };
		FBDBCCD620A045350085E75D /* calc.png in Resources */ = {isa = PBXBuildFile; fileRef = FBDBCC7C20A045340085E75D /* calc.png */; };
		FBDBCCD720A045350085E75D /* home.png in Resources */ = {isa = PBXBuildFile; fileRef = FBDBCC7D20A045340085E75D /* home.png */; };
		FBDBCCD820A045350085E75D /* tools.png in Resources */ = {isa = PBXBuildFile; fileRef = FBDBCC7E20A045340085E75D /* tools.png */; };
		FBDBCCD920A045350085E75D /* procedures.png in Resources */ = {isa = PBXBuildFile; fileRef = FBDBCC7F20A045340085E75D /* procedures.png */; };
		FBDBCCDA20A045350085E75D /* contacts.png in Resources */ = {isa = PBXBuildFile; fileRef = FBDBCC8020A045340085E75D /* contacts.png */; };
		FBDBCCDB20A045350085E75D /* ic_contacts_mobile.png in Resources */ = {isa = PBXBuildFile; fileRef = FBDBCC8120A045340085E75D /* ic_contacts_mobile.png */; };
		FBDBCCDC20A045350085E75D /* ic_email_blue.png in Resources */ = {isa = PBXBuildFile; fileRef = FBDBCC8220A045340085E75D /* ic_email_blue.png */; };
		FBDBCCDD20A045350085E75D /* ic_place_blue.png in Resources */ = {isa = PBXBuildFile; fileRef = FBDBCC8320A045340085E75D /* ic_place_blue.png */; };
		FBDBCCDE20A045350085E75D /* ic_filter_list.png in Resources */ = {isa = PBXBuildFile; fileRef = FBDBCC8420A045340085E75D /* ic_filter_list.png */; };
		FBDBCCDF20A045350085E75D /* ic_place.png in Resources */ = {isa = PBXBuildFile; fileRef = FBDBCC8520A045340085E75D /* ic_place.png */; };
		FBDBCCE020A045350085E75D /* ic_contacts_email.png in Resources */ = {isa = PBXBuildFile; fileRef = FBDBCC8620A045340085E75D /* ic_contacts_email.png */; };
		FBDBCCE120A045350085E75D /* ic_web.png in Resources */ = {isa = PBXBuildFile; fileRef = FBDBCC8720A045340085E75D /* ic_web.png */; };
		FBDBCCE220A045350085E75D /* strop-s-jednoduchou-konstrukciou-8.jpg in Resources */ = {isa = PBXBuildFile; fileRef = FBDBCC8A20A045340085E75D /* strop-s-jednoduchou-konstrukciou-8.jpg */; };
		FBDBCCE320A045350085E75D /* strop-s-jednoduchou-konstrukciou-2.jpg in Resources */ = {isa = PBXBuildFile; fileRef = FBDBCC8B20A045340085E75D /* strop-s-jednoduchou-konstrukciou-2.jpg */; };
		FBDBCCE420A045350085E75D /* strop-s-jednoduchou-konstrukciou-3.jpg in Resources */ = {isa = PBXBuildFile; fileRef = FBDBCC8C20A045340085E75D /* strop-s-jednoduchou-konstrukciou-3.jpg */; };
		FBDBCCE520A045350085E75D /* strop-s-jednoduchou-konstrukciou.jpg in Resources */ = {isa = PBXBuildFile; fileRef = FBDBCC8D20A045340085E75D /* strop-s-jednoduchou-konstrukciou.jpg */; };
		FBDBCCE620A045350085E75D /* strop-s-jednoduchou-konstrukciou-1.jpg in Resources */ = {isa = PBXBuildFile; fileRef = FBDBCC8E20A045340085E75D /* strop-s-jednoduchou-konstrukciou-1.jpg */; };
		FBDBCCE720A045350085E75D /* strop-s-jednoduchou-konstrukciou-4.jpg in Resources */ = {isa = PBXBuildFile; fileRef = FBDBCC8F20A045340085E75D /* strop-s-jednoduchou-konstrukciou-4.jpg */; };
		FBDBCCE820A045350085E75D /* strop-s-jednoduchou-konstrukciou-5.jpg in Resources */ = {isa = PBXBuildFile; fileRef = FBDBCC9020A045340085E75D /* strop-s-jednoduchou-konstrukciou-5.jpg */; };
		FBDBCCE920A045350085E75D /* strop-s-jednoduchou-konstrukciou-7.jpg in Resources */ = {isa = PBXBuildFile; fileRef = FBDBCC9120A045340085E75D /* strop-s-jednoduchou-konstrukciou-7.jpg */; };
		FBDBCCEA20A045350085E75D /* strop-s-jednoduchou-konstrukciou-6.jpg in Resources */ = {isa = PBXBuildFile; fileRef = FBDBCC9220A045340085E75D /* strop-s-jednoduchou-konstrukciou-6.jpg */; };
		FBDBCCEB20A045350085E75D /* sadrokartonove-podkrovie-7.jpg in Resources */ = {isa = PBXBuildFile; fileRef = FBDBCC9420A045340085E75D /* sadrokartonove-podkrovie-7.jpg */; };
		FBDBCCEC20A045350085E75D /* sadrokartonove-podkrovie-3.jpg in Resources */ = {isa = PBXBuildFile; fileRef = FBDBCC9520A045340085E75D /* sadrokartonove-podkrovie-3.jpg */; };
		FBDBCCED20A045350085E75D /* sadrokartonove-podkrovie-2.jpg in Resources */ = {isa = PBXBuildFile; fileRef = FBDBCC9620A045340085E75D /* sadrokartonove-podkrovie-2.jpg */; };
		FBDBCCEE20A045350085E75D /* sadrokartonove-podkrovie-1.jpg in Resources */ = {isa = PBXBuildFile; fileRef = FBDBCC9720A045340085E75D /* sadrokartonove-podkrovie-1.jpg */; };
		FBDBCCEF20A045350085E75D /* sadrokartonove-podkrovie.jpg in Resources */ = {isa = PBXBuildFile; fileRef = FBDBCC9820A045340085E75D /* sadrokartonove-podkrovie.jpg */; };
		FBDBCCF020A045350085E75D /* strop-s-dvojitou-konstrukciou.jpg in Resources */ = {isa = PBXBuildFile; fileRef = FBDBCC9A20A045340085E75D /* strop-s-dvojitou-konstrukciou.jpg */; };
		FBDBCCF120A045350085E75D /* calculations.json in Resources */ = {isa = PBXBuildFile; fileRef = FBDBCC9C20A045340085E75D /* calculations.json */; };
		FBDBCCF220A045350085E75D /* vypocty.json in Resources */ = {isa = PBXBuildFile; fileRef = FBDBCC9D20A045340085E75D /* vypocty.json */; };
		FBDBCCF320A045350085E75D /* postupy.json in Resources */ = {isa = PBXBuildFile; fileRef = FBDBCC9E20A045340085E75D /* postupy.json */; };
		FBDBCCF420A045350085E75D /* vypocet-kategorie.json in Resources */ = {isa = PBXBuildFile; fileRef = FBDBCC9F20A045340085E75D /* vypocet-kategorie.json */; };
		FBDBCCF520A045350085E75D /* favicon.ico in Resources */ = {isa = PBXBuildFile; fileRef = FBDBCCA120A045340085E75D /* favicon.ico */; };
		FBDBCCF620A045350085E75D /* roboto-medium.ttf in Resources */ = {isa = PBXBuildFile; fileRef = FBDBCCA320A045340085E75D /* roboto-medium.ttf */; };
		FBDBCCF720A045350085E75D /* roboto-light.woff2 in Resources */ = {isa = PBXBuildFile; fileRef = FBDBCCA420A045340085E75D /* roboto-light.woff2 */; };
		FBDBCCF820A045350085E75D /* roboto-light.ttf in Resources */ = {isa = PBXBuildFile; fileRef = FBDBCCA520A045340085E75D /* roboto-light.ttf */; };
		FBDBCCF920A045350085E75D /* roboto-regular.woff2 in Resources */ = {isa = PBXBuildFile; fileRef = FBDBCCA620A045340085E75D /* roboto-regular.woff2 */; };
		FBDBCCFA20A045350085E75D /* roboto-regular.woff in Resources */ = {isa = PBXBuildFile; fileRef = FBDBCCA720A045340085E75D /* roboto-regular.woff */; };
		FBDBCCFB20A045350085E75D /* noto-sans-bold.ttf in Resources */ = {isa = PBXBuildFile; fileRef = FBDBCCA820A045340085E75D /* noto-sans-bold.ttf */; };
		FBDBCCFC20A045350085E75D /* ionicons.eot in Resources */ = {isa = PBXBuildFile; fileRef = FBDBCCA920A045340085E75D /* ionicons.eot */; };
		FBDBCCFD20A045350085E75D /* noto-sans-bold.woff in Resources */ = {isa = PBXBuildFile; fileRef = FBDBCCAA20A045340085E75D /* noto-sans-bold.woff */; };
		FBDBCCFE20A045350085E75D /* roboto-light.woff in Resources */ = {isa = PBXBuildFile; fileRef = FBDBCCAB20A045340085E75D /* roboto-light.woff */; };
		FBDBCCFF20A045350085E75D /* roboto-medium.woff2 in Resources */ = {isa = PBXBuildFile; fileRef = FBDBCCAC20A045340085E75D /* roboto-medium.woff2 */; };
		FBDBCD0020A045350085E75D /* ionicons.woff in Resources */ = {isa = PBXBuildFile; fileRef = FBDBCCAD20A045340085E75D /* ionicons.woff */; };
		FBDBCD0120A045350085E75D /* roboto-regular.ttf in Resources */ = {isa = PBXBuildFile; fileRef = FBDBCCAE20A045340085E75D /* roboto-regular.ttf */; };
		FBDBCD0220A045350085E75D /* ionicons.ttf in Resources */ = {isa = PBXBuildFile; fileRef = FBDBCCAF20A045340085E75D /* ionicons.ttf */; };
		FBDBCD0320A045350085E75D /* roboto-bold.woff2 in Resources */ = {isa = PBXBuildFile; fileRef = FBDBCCB020A045340085E75D /* roboto-bold.woff2 */; };
		FBDBCD0420A045350085E75D /* noto-sans.scss in Resources */ = {isa = PBXBuildFile; fileRef = FBDBCCB120A045340085E75D /* noto-sans.scss */; };
		FBDBCD0520A045350085E75D /* roboto.scss in Resources */ = {isa = PBXBuildFile; fileRef = FBDBCCB220A045340085E75D /* roboto.scss */; };
		FBDBCD0620A045350085E75D /* noto-sans-regular.woff in Resources */ = {isa = PBXBuildFile; fileRef = FBDBCCB320A045340085E75D /* noto-sans-regular.woff */; };
		FBDBCD0720A045350085E75D /* roboto-medium.woff in Resources */ = {isa = PBXBuildFile; fileRef = FBDBCCB420A045340085E75D /* roboto-medium.woff */; };
		FBDBCD0820A045350085E75D /* roboto-bold.woff in Resources */ = {isa = PBXBuildFile; fileRef = FBDBCCB520A045340085E75D /* roboto-bold.woff */; };
		FBDBCD0920A045350085E75D /* noto-sans-regular.ttf in Resources */ = {isa = PBXBuildFile; fileRef = FBDBCCB620A045340085E75D /* noto-sans-regular.ttf */; };
		FBDBCD0A20A045350085E75D /* ionicons.svg in Resources */ = {isa = PBXBuildFile; fileRef = FBDBCCB720A045340085E75D /* ionicons.svg */; };
		FBDBCD0B20A045350085E75D /* roboto-bold.ttf in Resources */ = {isa = PBXBuildFile; fileRef = FBDBCCB820A045340085E75D /* roboto-bold.ttf */; };
		FBDBCD0C20A045350085E75D /* ionicons.woff2 in Resources */ = {isa = PBXBuildFile; fileRef = FBDBCCB920A045340085E75D /* ionicons.woff2 */; };
		FBDBCD0D20A045350085E75D /* ionicons.scss in Resources */ = {isa = PBXBuildFile; fileRef = FBDBCCBA20A045340085E75D /* ionicons.scss */; };
		FCBD9695FC624ED7A5535430 /* CDVViewController+SplashScreen.m in Sources */ = {isa = PBXBuildFile; fileRef = A37CD047A1164F85BB8B3F58 /* CDVViewController+SplashScreen.m */; };
		2C2233E8FA944554BAF670E4 /* CDVBarcodeScanner.mm in Resources */ = {isa = PBXBuildFile; fileRef = E81E07CB2B054789867CA252 /* CDVBarcodeScanner.mm */; };
		FACC72D264B540418B23ABF4 /* scannerOverlay.xib in Resources */ = {isa = PBXBuildFile; fileRef = 62D223C4DDF94D1D8FD2B6B7 /* scannerOverlay.xib */; };
		E84A531996A04D16B390659E /* CDVBarcodeScanner.bundle in Resources */ = {isa = PBXBuildFile; fileRef = 2D002D7C102148519F289BDA /* CDVBarcodeScanner.bundle */; };
/* End PBXBuildFile section */

/* Begin PBXContainerItemProxy section */
		301BF534109A57CC0062928A /* PBXContainerItemProxy */ = {
			isa = PBXContainerItemProxy;
			containerPortal = 301BF52D109A57CC0062928A /* CordovaLib/CordovaLib.xcodeproj */;
			proxyType = 2;
			remoteGlobalIDString = D2AAC07E0554694100DB518D;
			remoteInfo = CordovaLib;
		};
		301BF550109A68C00062928A /* PBXContainerItemProxy */ = {
			isa = PBXContainerItemProxy;
			containerPortal = 301BF52D109A57CC0062928A /* CordovaLib/CordovaLib.xcodeproj */;
			proxyType = 1;
			remoteGlobalIDString = D2AAC07D0554694100DB518D;
			remoteInfo = CordovaLib;
		};
		FBDBCC58209FB3920085E75D /* PBXContainerItemProxy */ = {
			isa = PBXContainerItemProxy;
			containerPortal = 301BF52D109A57CC0062928A /* CordovaLib/CordovaLib.xcodeproj */;
			proxyType = 2;
			remoteGlobalIDString = C0C01EB21E3911D50056E6CB;
			remoteInfo = Cordova;
		};
/* End PBXContainerItemProxy section */

/* Begin PBXFileReference section */
		0207DA571B56EA530066E2B4 /* Images.xcassets */ = {isa = PBXFileReference; lastKnownFileType = folder.assetcatalog; name = Images.xcassets; path = ionic/Images.xcassets; sourceTree = SOURCE_ROOT; };
		021FEF56016140D8B6178ECA /* CDVWKWebViewEngine.h */ = {isa = PBXFileReference; explicitFileType = undefined; fileEncoding = 4; includeInIndex = 0; lastKnownFileType = sourcecode.c.h; name = CDVWKWebViewEngine.h; path = "cordova-plugin-ionic-webview/CDVWKWebViewEngine.h"; sourceTree = "<group>"; };
		02D792EC884D4010942A0E1D /* CDVWKWebViewUIDelegate.m */ = {isa = PBXFileReference; explicitFileType = undefined; fileEncoding = 4; includeInIndex = 0; lastKnownFileType = sourcecode.c.objc; name = CDVWKWebViewUIDelegate.m; path = "cordova-plugin-ionic-webview/CDVWKWebViewUIDelegate.m"; sourceTree = "<group>"; };
		0333ED531FC749298AF1D40E /* CDVLocalFilesystem.h */ = {isa = PBXFileReference; explicitFileType = undefined; fileEncoding = 4; includeInIndex = 0; lastKnownFileType = sourcecode.c.h; name = CDVLocalFilesystem.h; path = "cordova-plugin-file/CDVLocalFilesystem.h"; sourceTree = "<group>"; };
		080534E74DDC4C25986B2C64 /* CDVAssetLibraryFilesystem.h */ = {isa = PBXFileReference; explicitFileType = undefined; fileEncoding = 4; includeInIndex = 0; lastKnownFileType = sourcecode.c.h; name = CDVAssetLibraryFilesystem.h; path = "cordova-plugin-file/CDVAssetLibraryFilesystem.h"; sourceTree = "<group>"; };
		0C0DC74C0D9D4D1AB702BA37 /* GCDWebServerResponse.h */ = {isa = PBXFileReference; explicitFileType = undefined; fileEncoding = 4; includeInIndex = 0; lastKnownFileType = sourcecode.c.h; name = GCDWebServerResponse.h; path = "cordova-plugin-ionic-webview/GCDWebServerResponse.h"; sourceTree = "<group>"; };
		14D8E1B1F2754CF09336CB3E /* SQLitePlugin.h */ = {isa = PBXFileReference; explicitFileType = undefined; fileEncoding = 4; includeInIndex = 0; lastKnownFileType = sourcecode.c.h; name = SQLitePlugin.h; path = "cordova-sqlite-storage/SQLitePlugin.h"; sourceTree = "<group>"; };
		18B74B5FF2FD4C4DA680FE2C /* CDVDevice.h */ = {isa = PBXFileReference; explicitFileType = undefined; fileEncoding = 4; includeInIndex = 0; lastKnownFileType = sourcecode.c.h; name = CDVDevice.h; path = "cordova-plugin-device/CDVDevice.h"; sourceTree = "<group>"; };
		1A832CB397154505896A4858 /* WebKit.framework */ = {isa = PBXFileReference; explicitFileType = undefined; fileEncoding = 9; includeInIndex = 0; lastKnownFileType = wrapper.framework; name = WebKit.framework; path = System/Library/Frameworks/WebKit.framework; sourceTree = SDKROOT; };
		1D3623240D0F684500981E51 /* AppDelegate.h */ = {isa = PBXFileReference; fileEncoding = 4; lastKnownFileType = sourcecode.c.h; path = AppDelegate.h; sourceTree = "<group>"; };
		1D3623250D0F684500981E51 /* AppDelegate.m */ = {isa = PBXFileReference; fileEncoding = 4; lastKnownFileType = sourcecode.c.objc; path = AppDelegate.m; sourceTree = "<group>"; };
		1D6058910D05DD3D006BFB54 /* ionic.app */ = {isa = PBXFileReference; explicitFileType = wrapper.application; includeInIndex = 0; path = ionic.app; sourceTree = BUILT_PRODUCTS_DIR; };
		20785066E9BE419CBF76CA40 /* GCDWebServerDataResponse.h */ = {isa = PBXFileReference; explicitFileType = undefined; fileEncoding = 4; includeInIndex = 0; lastKnownFileType = sourcecode.c.h; name = GCDWebServerDataResponse.h; path = "cordova-plugin-ionic-webview/GCDWebServerDataResponse.h"; sourceTree = "<group>"; };
		29B97316FDCFA39411CA2CEA /* main.m */ = {isa = PBXFileReference; fileEncoding = 4; lastKnownFileType = sourcecode.c.objc; path = main.m; sourceTree = "<group>"; };
		2B999146560F4E43B089D2E3 /* GCDWebServerHTTPStatusCodes.h */ = {isa = PBXFileReference; explicitFileType = undefined; fileEncoding = 4; includeInIndex = 0; lastKnownFileType = sourcecode.c.h; name = GCDWebServerHTTPStatusCodes.h; path = "cordova-plugin-ionic-webview/GCDWebServerHTTPStatusCodes.h"; sourceTree = "<group>"; };
		2C5B2F62D2AE440BADD5EF63 /* CDVFileTransfer.h */ = {isa = PBXFileReference; explicitFileType = undefined; fileEncoding = 4; includeInIndex = 0; lastKnownFileType = sourcecode.c.h; name = CDVFileTransfer.h; path = "cordova-plugin-file-transfer/CDVFileTransfer.h"; sourceTree = "<group>"; };
		301BF52D109A57CC0062928A /* CordovaLib/CordovaLib.xcodeproj */ = {isa = PBXFileReference; lastKnownFileType = "wrapper.pb-project"; path = CordovaLib/CordovaLib.xcodeproj; sourceTree = "<group>"; };
		301BF56E109A69640062928A /* www */ = {isa = PBXFileReference; lastKnownFileType = folder; path = www; sourceTree = SOURCE_ROOT; };
		302D95EE14D2391D003F00A1 /* MainViewController.h */ = {isa = PBXFileReference; fileEncoding = 4; lastKnownFileType = sourcecode.c.h; path = MainViewController.h; sourceTree = "<group>"; };
		302D95EF14D2391D003F00A1 /* MainViewController.m */ = {isa = PBXFileReference; fileEncoding = 4; lastKnownFileType = sourcecode.c.objc; path = MainViewController.m; sourceTree = "<group>"; };
		302D95F014D2391D003F00A1 /* MainViewController.xib */ = {isa = PBXFileReference; fileEncoding = 4; lastKnownFileType = file.xib; path = MainViewController.xib; sourceTree = "<group>"; };
		3047A50F1AB8059700498E2A /* build-debug.xcconfig */ = {isa = PBXFileReference; fileEncoding = 4; lastKnownFileType = text.xcconfig; name = "build-debug.xcconfig"; path = "cordova/build-debug.xcconfig"; sourceTree = SOURCE_ROOT; };
		3047A5101AB8059700498E2A /* build-release.xcconfig */ = {isa = PBXFileReference; fileEncoding = 4; lastKnownFileType = text.xcconfig; name = "build-release.xcconfig"; path = "cordova/build-release.xcconfig"; sourceTree = SOURCE_ROOT; };
		3047A5111AB8059700498E2A /* build.xcconfig */ = {isa = PBXFileReference; fileEncoding = 4; lastKnownFileType = text.xcconfig; name = build.xcconfig; path = cordova/build.xcconfig; sourceTree = SOURCE_ROOT; };
		312511904C8F4A8C96C88ED5 /* CDVFile.m */ = {isa = PBXFileReference; explicitFileType = undefined; fileEncoding = 4; includeInIndex = 0; lastKnownFileType = sourcecode.c.objc; name = CDVFile.m; path = "cordova-plugin-file/CDVFile.m"; sourceTree = "<group>"; };
		328F650FC40C4DD08EDC52CB /* QRScanner.swift */ = {isa = PBXFileReference; explicitFileType = undefined; fileEncoding = 4; includeInIndex = 0; lastKnownFileType = sourcecode.swift; name = QRScanner.swift; path = "cordova-plugin-qrscanner/QRScanner.swift"; sourceTree = "<group>"; };
		32CA4F630368D1EE00C91783 /* ionic-Prefix.pch */ = {isa = PBXFileReference; fileEncoding = 4; lastKnownFileType = sourcecode.c.h; path = "ionic-Prefix.pch"; sourceTree = "<group>"; };
		34FD3583DFDF44409F7AF0D1 /* Flashlight.h */ = {isa = PBXFileReference; explicitFileType = undefined; fileEncoding = 4; includeInIndex = 0; lastKnownFileType = sourcecode.c.h; name = Flashlight.h; path = "cordova-plugin-flashlight/Flashlight.h"; sourceTree = "<group>"; };
		3F24138D8FD043CEAE9E0F78 /* GCDWebServerFileResponse.m */ = {isa = PBXFileReference; explicitFileType = undefined; fileEncoding = 4; includeInIndex = 0; lastKnownFileType = sourcecode.c.objc; name = GCDWebServerFileResponse.m; path = "cordova-plugin-ionic-webview/GCDWebServerFileResponse.m"; sourceTree = "<group>"; };
		40DC1B45ED7C4BF4A5AD1013 /* PSPDFThreadSafeMutableDictionary.h */ = {isa = PBXFileReference; explicitFileType = undefined; fileEncoding = 4; includeInIndex = 0; lastKnownFileType = sourcecode.c.h; name = PSPDFThreadSafeMutableDictionary.h; path = "cordova-sqlite-storage/PSPDFThreadSafeMutableDictionary.h"; sourceTree = "<group>"; };
		42BA197886BE4A9A8ACA49DA /* GCDWebServer.h */ = {isa = PBXFileReference; explicitFileType = undefined; fileEncoding = 4; includeInIndex = 0; lastKnownFileType = sourcecode.c.h; name = GCDWebServer.h; path = "cordova-plugin-ionic-webview/GCDWebServer.h"; sourceTree = "<group>"; };
		4A7C4E5E92BD4BA082F259FF /* CDVInAppBrowser.m */ = {isa = PBXFileReference; explicitFileType = undefined; fileEncoding = 4; includeInIndex = 0; lastKnownFileType = sourcecode.c.objc; name = CDVInAppBrowser.m; path = "cordova-plugin-inappbrowser/CDVInAppBrowser.m"; sourceTree = "<group>"; };
		4ECD53F889004E1A96ABB11F /* GCDWebServerFileRequest.m */ = {isa = PBXFileReference; explicitFileType = undefined; fileEncoding = 4; includeInIndex = 0; lastKnownFileType = sourcecode.c.objc; name = GCDWebServerFileRequest.m; path = "cordova-plugin-ionic-webview/GCDWebServerFileRequest.m"; sourceTree = "<group>"; };
		4F1A40BDD2FA4FD4BB1495E6 /* libz.tbd */ = {isa = PBXFileReference; explicitFileType = undefined; fileEncoding = 9; includeInIndex = 0; lastKnownFileType = "sourcecode.text-based-dylib-definition"; name = libz.tbd; path = usr/lib/libz.tbd; sourceTree = SDKROOT; };
		56D37165FDC74D5B9EEF3413 /* CDVSplashScreen.h */ = {isa = PBXFileReference; explicitFileType = undefined; fileEncoding = 4; includeInIndex = 0; lastKnownFileType = sourcecode.c.h; name = CDVSplashScreen.h; path = "cordova-plugin-splashscreen/CDVSplashScreen.h"; sourceTree = "<group>"; };
		5751928523E742F7B4273E87 /* CDVDevice.m */ = {isa = PBXFileReference; explicitFileType = undefined; fileEncoding = 4; includeInIndex = 0; lastKnownFileType = sourcecode.c.objc; name = CDVDevice.m; path = "cordova-plugin-device/CDVDevice.m"; sourceTree = "<group>"; };
		596B17AE3C9E41CB840C42F2 /* Flashlight.m */ = {isa = PBXFileReference; explicitFileType = undefined; fileEncoding = 4; includeInIndex = 0; lastKnownFileType = sourcecode.c.objc; name = Flashlight.m; path = "cordova-plugin-flashlight/Flashlight.m"; sourceTree = "<group>"; };
		62650D82B6C341A9B00889D5 /* CDVWKProcessPoolFactory.h */ = {isa = PBXFileReference; explicitFileType = undefined; fileEncoding = 4; includeInIndex = 0; lastKnownFileType = sourcecode.c.h; name = CDVWKProcessPoolFactory.h; path = "cordova-plugin-ionic-webview/CDVWKProcessPoolFactory.h"; sourceTree = "<group>"; };
		634884644759484490C6104D /* GCDWebServerFileRequest.h */ = {isa = PBXFileReference; explicitFileType = undefined; fileEncoding = 4; includeInIndex = 0; lastKnownFileType = sourcecode.c.h; name = GCDWebServerFileRequest.h; path = "cordova-plugin-ionic-webview/GCDWebServerFileRequest.h"; sourceTree = "<group>"; };
		63E5F89136BE4023B03798B3 /* GCDWebServerStreamedResponse.h */ = {isa = PBXFileReference; explicitFileType = undefined; fileEncoding = 4; includeInIndex = 0; lastKnownFileType = sourcecode.c.h; name = GCDWebServerStreamedResponse.h; path = "cordova-plugin-ionic-webview/GCDWebServerStreamedResponse.h"; sourceTree = "<group>"; };
		67ABBBA93B564665ACA1CB71 /* GCDWebServerDataRequest.m */ = {isa = PBXFileReference; explicitFileType = undefined; fileEncoding = 4; includeInIndex = 0; lastKnownFileType = sourcecode.c.objc; name = GCDWebServerDataRequest.m; path = "cordova-plugin-ionic-webview/GCDWebServerDataRequest.m"; sourceTree = "<group>"; };
		69B0584FF00E427297E78099 /* CDVFileTransfer.m */ = {isa = PBXFileReference; explicitFileType = undefined; fileEncoding = 4; includeInIndex = 0; lastKnownFileType = sourcecode.c.objc; name = CDVFileTransfer.m; path = "cordova-plugin-file-transfer/CDVFileTransfer.m"; sourceTree = "<group>"; };
		69D0049CE9CC4A6DA01B78FA /* GCDWebServerDataResponse.m */ = {isa = PBXFileReference; explicitFileType = undefined; fileEncoding = 4; includeInIndex = 0; lastKnownFileType = sourcecode.c.objc; name = GCDWebServerDataResponse.m; path = "cordova-plugin-ionic-webview/GCDWebServerDataResponse.m"; sourceTree = "<group>"; };
		6AFF5BF81D6E424B00AB3073 /* CDVLaunchScreen.storyboard */ = {isa = PBXFileReference; fileEncoding = 4; lastKnownFileType = file.storyboard; name = CDVLaunchScreen.storyboard; path = ionic/CDVLaunchScreen.storyboard; sourceTree = SOURCE_ROOT; };
		6F468D57B0C5461C891B4171 /* sqlite3.c */ = {isa = PBXFileReference; explicitFileType = undefined; fileEncoding = 9; includeInIndex = 0; lastKnownFileType = unknown; name = sqlite3.c; path = "cordova-sqlite-storage/sqlite3.c"; sourceTree = "<group>"; };
		74D6899BB0B4420A96196C28 /* CDVLocalFilesystem.m */ = {isa = PBXFileReference; explicitFileType = undefined; fileEncoding = 4; includeInIndex = 0; lastKnownFileType = sourcecode.c.objc; name = CDVLocalFilesystem.m; path = "cordova-plugin-file/CDVLocalFilesystem.m"; sourceTree = "<group>"; };
		785FD349E6794C4BBD6CCC94 /* CDVSplashScreen.m */ = {isa = PBXFileReference; explicitFileType = undefined; fileEncoding = 4; includeInIndex = 0; lastKnownFileType = sourcecode.c.objc; name = CDVSplashScreen.m; path = "cordova-plugin-splashscreen/CDVSplashScreen.m"; sourceTree = "<group>"; };
		7C762A8EA4DC4D6BBB95A2AC /* CDVIonicKeyboard.h */ = {isa = PBXFileReference; explicitFileType = undefined; fileEncoding = 4; includeInIndex = 0; lastKnownFileType = sourcecode.c.h; name = CDVIonicKeyboard.h; path = "cordova-plugin-ionic-keyboard/CDVIonicKeyboard.h"; sourceTree = "<group>"; };
		88B98DF31C4B4EFCBFB19630 /* CDVAssetLibraryFilesystem.m */ = {isa = PBXFileReference; explicitFileType = undefined; fileEncoding = 4; includeInIndex = 0; lastKnownFileType = sourcecode.c.objc; name = CDVAssetLibraryFilesystem.m; path = "cordova-plugin-file/CDVAssetLibraryFilesystem.m"; sourceTree = "<group>"; };
		8D056B75B3384CE99F3787B0 /* CDVWKWebViewEngine.m */ = {isa = PBXFileReference; explicitFileType = undefined; fileEncoding = 4; includeInIndex = 0; lastKnownFileType = sourcecode.c.objc; name = CDVWKWebViewEngine.m; path = "cordova-plugin-ionic-webview/CDVWKWebViewEngine.m"; sourceTree = "<group>"; };
		8D1107310486CEB800E47090 /* ionic-Info.plist */ = {isa = PBXFileReference; fileEncoding = 4; lastKnownFileType = text.plist.xml; name = "ionic-Info.plist"; path = "ionic/ionic-Info.plist"; plistStructureDefinitionIdentifier = "com.apple.xcode.plist.structure-definition.iphone.info-plist"; sourceTree = SOURCE_ROOT; };
		915E948052C54ECA99B583B2 /* GCDWebServerFileResponse.h */ = {isa = PBXFileReference; explicitFileType = undefined; fileEncoding = 4; includeInIndex = 0; lastKnownFileType = sourcecode.c.h; name = GCDWebServerFileResponse.h; path = "cordova-plugin-ionic-webview/GCDWebServerFileResponse.h"; sourceTree = "<group>"; };
		9D658A6B838B4FCFAF6C899B /* GCDWebServerStreamedResponse.m */ = {isa = PBXFileReference; explicitFileType = undefined; fileEncoding = 4; includeInIndex = 0; lastKnownFileType = sourcecode.c.objc; name = GCDWebServerStreamedResponse.m; path = "cordova-plugin-ionic-webview/GCDWebServerStreamedResponse.m"; sourceTree = "<group>"; };
		9ED9792499284E329BE50307 /* GCDWebServer.m */ = {isa = PBXFileReference; explicitFileType = undefined; fileEncoding = 4; includeInIndex = 0; lastKnownFileType = sourcecode.c.objc; name = GCDWebServer.m; path = "cordova-plugin-ionic-webview/GCDWebServer.m"; sourceTree = "<group>"; };
		9F0CA8409D8E4D109C2D4793 /* GCDWebServerResponse.m */ = {isa = PBXFileReference; explicitFileType = undefined; fileEncoding = 4; includeInIndex = 0; lastKnownFileType = sourcecode.c.objc; name = GCDWebServerResponse.m; path = "cordova-plugin-ionic-webview/GCDWebServerResponse.m"; sourceTree = "<group>"; };
		A0872C6DF8D248C6BEC488D5 /* GCDWebServerPrivate.h */ = {isa = PBXFileReference; explicitFileType = undefined; fileEncoding = 4; includeInIndex = 0; lastKnownFileType = sourcecode.c.h; name = GCDWebServerPrivate.h; path = "cordova-plugin-ionic-webview/GCDWebServerPrivate.h"; sourceTree = "<group>"; };
		A37CD047A1164F85BB8B3F58 /* CDVViewController+SplashScreen.m */ = {isa = PBXFileReference; explicitFileType = undefined; fileEncoding = 4; includeInIndex = 0; lastKnownFileType = sourcecode.c.objc; name = "CDVViewController+SplashScreen.m"; path = "cordova-plugin-splashscreen/CDVViewController+SplashScreen.m"; sourceTree = "<group>"; };
		A57D5F388C324F839AC1722E /* SQLitePlugin.m */ = {isa = PBXFileReference; explicitFileType = undefined; fileEncoding = 4; includeInIndex = 0; lastKnownFileType = sourcecode.c.objc; name = SQLitePlugin.m; path = "cordova-sqlite-storage/SQLitePlugin.m"; sourceTree = "<group>"; };
		A63E3BF6AAFF4809920E18F9 /* GCDWebServerRequest.h */ = {isa = PBXFileReference; explicitFileType = undefined; fileEncoding = 4; includeInIndex = 0; lastKnownFileType = sourcecode.c.h; name = GCDWebServerRequest.h; path = "cordova-plugin-ionic-webview/GCDWebServerRequest.h"; sourceTree = "<group>"; };
		ADC5B427D1694C688A6B8E7D /* CDVIonicKeyboard.m */ = {isa = PBXFileReference; explicitFileType = undefined; fileEncoding = 4; includeInIndex = 0; lastKnownFileType = sourcecode.c.objc; name = CDVIonicKeyboard.m; path = "cordova-plugin-ionic-keyboard/CDVIonicKeyboard.m"; sourceTree = "<group>"; };
		B28F9319896D447F8B3613FA /* GCDWebServerURLEncodedFormRequest.m */ = {isa = PBXFileReference; explicitFileType = undefined; fileEncoding = 4; includeInIndex = 0; lastKnownFileType = sourcecode.c.objc; name = GCDWebServerURLEncodedFormRequest.m; path = "cordova-plugin-ionic-webview/GCDWebServerURLEncodedFormRequest.m"; sourceTree = "<group>"; };
		B3C2B17533AD4672B6F6DD27 /* GCDWebServerMultiPartFormRequest.h */ = {isa = PBXFileReference; explicitFileType = undefined; fileEncoding = 4; includeInIndex = 0; lastKnownFileType = sourcecode.c.h; name = GCDWebServerMultiPartFormRequest.h; path = "cordova-plugin-ionic-webview/GCDWebServerMultiPartFormRequest.h"; sourceTree = "<group>"; };
		B76701B7CAA6418EAAA9BC60 /* GCDWebServerURLEncodedFormRequest.h */ = {isa = PBXFileReference; explicitFileType = undefined; fileEncoding = 4; includeInIndex = 0; lastKnownFileType = sourcecode.c.h; name = GCDWebServerURLEncodedFormRequest.h; path = "cordova-plugin-ionic-webview/GCDWebServerURLEncodedFormRequest.h"; sourceTree = "<group>"; };
		BA9C6C5F5F784E6F81EB9DD6 /* GCDWebServerFunctions.h */ = {isa = PBXFileReference; explicitFileType = undefined; fileEncoding = 4; includeInIndex = 0; lastKnownFileType = sourcecode.c.h; name = GCDWebServerFunctions.h; path = "cordova-plugin-ionic-webview/GCDWebServerFunctions.h"; sourceTree = "<group>"; };
		C2DE17CDCD6649F1AA698BB2 /* CDVInAppBrowser.h */ = {isa = PBXFileReference; explicitFileType = undefined; fileEncoding = 4; includeInIndex = 0; lastKnownFileType = sourcecode.c.h; name = CDVInAppBrowser.h; path = "cordova-plugin-inappbrowser/CDVInAppBrowser.h"; sourceTree = "<group>"; };
		C43CB4D8822346F4A3E85F33 /* CDVWKWebViewUIDelegate.h */ = {isa = PBXFileReference; explicitFileType = undefined; fileEncoding = 4; includeInIndex = 0; lastKnownFileType = sourcecode.c.h; name = CDVWKWebViewUIDelegate.h; path = "cordova-plugin-ionic-webview/CDVWKWebViewUIDelegate.h"; sourceTree = "<group>"; };
		C790FC0821BD40A3BB50704B /* GCDWebServerConnection.h */ = {isa = PBXFileReference; explicitFileType = undefined; fileEncoding = 4; includeInIndex = 0; lastKnownFileType = sourcecode.c.h; name = GCDWebServerConnection.h; path = "cordova-plugin-ionic-webview/GCDWebServerConnection.h"; sourceTree = "<group>"; };
		C842065ED52349A99A2DE9A1 /* GCDWebServerDataRequest.h */ = {isa = PBXFileReference; explicitFileType = undefined; fileEncoding = 4; includeInIndex = 0; lastKnownFileType = sourcecode.c.h; name = GCDWebServerDataRequest.h; path = "cordova-plugin-ionic-webview/GCDWebServerDataRequest.h"; sourceTree = "<group>"; };
		D4A81CF85BF943BAA444962E /* GCDWebServerErrorResponse.h */ = {isa = PBXFileReference; explicitFileType = undefined; fileEncoding = 4; includeInIndex = 0; lastKnownFileType = sourcecode.c.h; name = GCDWebServerErrorResponse.h; path = "cordova-plugin-ionic-webview/GCDWebServerErrorResponse.h"; sourceTree = "<group>"; };
		D7701BFBA5A6467BB69B9F3A /* GCDWebServerRequest.m */ = {isa = PBXFileReference; explicitFileType = undefined; fileEncoding = 4; includeInIndex = 0; lastKnownFileType = sourcecode.c.objc; name = GCDWebServerRequest.m; path = "cordova-plugin-ionic-webview/GCDWebServerRequest.m"; sourceTree = "<group>"; };
		DCF68E36CEAA4F39AAF587D8 /* GCDWebServerErrorResponse.m */ = {isa = PBXFileReference; explicitFileType = undefined; fileEncoding = 4; includeInIndex = 0; lastKnownFileType = sourcecode.c.objc; name = GCDWebServerErrorResponse.m; path = "cordova-plugin-ionic-webview/GCDWebServerErrorResponse.m"; sourceTree = "<group>"; };
		DF285048B8C54A93A5B02C37 /* CDVWKProcessPoolFactory.m */ = {isa = PBXFileReference; explicitFileType = undefined; fileEncoding = 4; includeInIndex = 0; lastKnownFileType = sourcecode.c.objc; name = CDVWKProcessPoolFactory.m; path = "cordova-plugin-ionic-webview/CDVWKProcessPoolFactory.m"; sourceTree = "<group>"; };
		DF3357AEB9AB4B938A2168BC /* GCDWebServerMultiPartFormRequest.m */ = {isa = PBXFileReference; explicitFileType = undefined; fileEncoding = 4; includeInIndex = 0; lastKnownFileType = sourcecode.c.objc; name = GCDWebServerMultiPartFormRequest.m; path = "cordova-plugin-ionic-webview/GCDWebServerMultiPartFormRequest.m"; sourceTree = "<group>"; };
		E004C948A9524244B8C66064 /* GCDWebServerConnection.m */ = {isa = PBXFileReference; explicitFileType = undefined; fileEncoding = 4; includeInIndex = 0; lastKnownFileType = sourcecode.c.objc; name = GCDWebServerConnection.m; path = "cordova-plugin-ionic-webview/GCDWebServerConnection.m"; sourceTree = "<group>"; };
		E3AE377EB61745558AFBD3A3 /* CDVFile.h */ = {isa = PBXFileReference; explicitFileType = undefined; fileEncoding = 4; includeInIndex = 0; lastKnownFileType = sourcecode.c.h; name = CDVFile.h; path = "cordova-plugin-file/CDVFile.h"; sourceTree = "<group>"; };
		E781A0843683464E9CB5618B /* sqlite3.h */ = {isa = PBXFileReference; explicitFileType = undefined; fileEncoding = 4; includeInIndex = 0; lastKnownFileType = sourcecode.c.h; name = sqlite3.h; path = "cordova-sqlite-storage/sqlite3.h"; sourceTree = "<group>"; };
		EAB8E821010F4A5DA127CED9 /* CDVViewController+SplashScreen.h */ = {isa = PBXFileReference; explicitFileType = undefined; fileEncoding = 4; includeInIndex = 0; lastKnownFileType = sourcecode.c.h; name = "CDVViewController+SplashScreen.h"; path = "cordova-plugin-splashscreen/CDVViewController+SplashScreen.h"; sourceTree = "<group>"; };
		EB87FDF31871DA8E0020F90C /* www */ = {isa = PBXFileReference; lastKnownFileType = folder; name = www; path = ../../www; sourceTree = "<group>"; };
		EB87FDF41871DAF40020F90C /* config.xml */ = {isa = PBXFileReference; lastKnownFileType = text.xml; name = config.xml; path = ../../config.xml; sourceTree = "<group>"; };
		ED33DF2A687741AEAF9F8254 /* Bridging-Header.h */ = {isa = PBXFileReference; fileEncoding = 4; lastKnownFileType = sourcecode.c.h; path = "Bridging-Header.h"; sourceTree = "<group>"; };
		EF2CD866AD4C4DA2B48810A6 /* GCDWebServerFunctions.m */ = {isa = PBXFileReference; explicitFileType = undefined; fileEncoding = 4; includeInIndex = 0; lastKnownFileType = sourcecode.c.objc; name = GCDWebServerFunctions.m; path = "cordova-plugin-ionic-webview/GCDWebServerFunctions.m"; sourceTree = "<group>"; };
		F840E1F0165FE0F500CFE078 /* config.xml */ = {isa = PBXFileReference; lastKnownFileType = text.xml; name = config.xml; path = ionic/config.xml; sourceTree = "<group>"; };
		F8CA375F55A948F29F85612C /* PSPDFThreadSafeMutableDictionary.m */ = {isa = PBXFileReference; explicitFileType = undefined; fileEncoding = 4; includeInIndex = 0; lastKnownFileType = sourcecode.c.objc; name = PSPDFThreadSafeMutableDictionary.m; path = "cordova-sqlite-storage/PSPDFThreadSafeMutableDictionary.m"; sourceTree = "<group>"; };
		FBDBCC5E20A045340085E75D /* gipsol-logo.png */ = {isa = PBXFileReference; lastKnownFileType = image.png; path = "gipsol-logo.png"; sourceTree = "<group>"; };
		FBDBCC6020A045340085E75D /* meter.png */ = {isa = PBXFileReference; lastKnownFileType = image.png; path = meter.png; sourceTree = "<group>"; };
		FBDBCC6120A045340085E75D /* ic_torch_on.png */ = {isa = PBXFileReference; lastKnownFileType = image.png; path = ic_torch_on.png; sourceTree = "<group>"; };
		FBDBCC6220A045340085E75D /* prevodnik.png */ = {isa = PBXFileReference; lastKnownFileType = image.png; path = prevodnik.png; sourceTree = "<group>"; };
		FBDBCC6320A045340085E75D /* qr.png */ = {isa = PBXFileReference; lastKnownFileType = image.png; path = qr.png; sourceTree = "<group>"; };
		FBDBCC6420A045340085E75D /* ic_torch_off.png */ = {isa = PBXFileReference; lastKnownFileType = image.png; path = ic_torch_off.png; sourceTree = "<group>"; };
		FBDBCC6520A045340085E75D /* vzdialenost.png */ = {isa = PBXFileReference; lastKnownFileType = image.png; path = vzdialenost.png; sourceTree = "<group>"; };
		FBDBCC6620A045340085E75D /* logo.png */ = {isa = PBXFileReference; lastKnownFileType = image.png; path = logo.png; sourceTree = "<group>"; };
		FBDBCC6820A045340085E75D /* ic_keyboard_arrow_right.png */ = {isa = PBXFileReference; lastKnownFileType = image.png; path = ic_keyboard_arrow_right.png; sourceTree = "<group>"; };
		FBDBCC6920A045340085E75D /* ic_home.png */ = {isa = PBXFileReference; lastKnownFileType = image.png; path = ic_home.png; sourceTree = "<group>"; };
		FBDBCC6A20A045340085E75D /* ic_calculations.png */ = {isa = PBXFileReference; lastKnownFileType = image.png; path = ic_calculations.png; sourceTree = "<group>"; };
		FBDBCC6B20A045340085E75D /* ic_swap_vert.png */ = {isa = PBXFileReference; lastKnownFileType = image.png; path = ic_swap_vert.png; sourceTree = "<group>"; };
		FBDBCC6C20A045340085E75D /* ic_logo_blue.png */ = {isa = PBXFileReference; lastKnownFileType = image.png; path = ic_logo_blue.png; sourceTree = "<group>"; };
		FBDBCC6D20A045340085E75D /* ic_facebook.png */ = {isa = PBXFileReference; lastKnownFileType = image.png; path = ic_facebook.png; sourceTree = "<group>"; };
		FBDBCC6E20A045340085E75D /* ic_phone.png */ = {isa = PBXFileReference; lastKnownFileType = image.png; path = ic_phone.png; sourceTree = "<group>"; };
		FBDBCC6F20A045340085E75D /* ic_logo_white.png */ = {isa = PBXFileReference; lastKnownFileType = image.png; path = ic_logo_white.png; sourceTree = "<group>"; };
		FBDBCC7020A045340085E75D /* ic_procedures.png */ = {isa = PBXFileReference; lastKnownFileType = image.png; path = ic_procedures.png; sourceTree = "<group>"; };
		FBDBCC7120A045340085E75D /* ic_star.png */ = {isa = PBXFileReference; lastKnownFileType = image.png; path = ic_star.png; sourceTree = "<group>"; };
		FBDBCC7220A045340085E75D /* ic_logo_white_long.png */ = {isa = PBXFileReference; lastKnownFileType = image.png; path = ic_logo_white_long.png; sourceTree = "<group>"; };
		FBDBCC7320A045340085E75D /* ic_settings.png */ = {isa = PBXFileReference; lastKnownFileType = image.png; path = ic_settings.png; sourceTree = "<group>"; };
		FBDBCC7420A045340085E75D /* ic_launcher.png */ = {isa = PBXFileReference; lastKnownFileType = image.png; path = ic_launcher.png; sourceTree = "<group>"; };
		FBDBCC7520A045340085E75D /* ic_contacts_fax.png */ = {isa = PBXFileReference; lastKnownFileType = image.png; path = ic_contacts_fax.png; sourceTree = "<group>"; };
		FBDBCC7620A045340085E75D /* ic_tools.png */ = {isa = PBXFileReference; lastKnownFileType = image.png; path = ic_tools.png; sourceTree = "<group>"; };
		FBDBCC7720A045340085E75D /* ic_phone_blue.png */ = {isa = PBXFileReference; lastKnownFileType = image.png; path = ic_phone_blue.png; sourceTree = "<group>"; };
		FBDBCC7820A045340085E75D /* ic_shopping_cart.png */ = {isa = PBXFileReference; lastKnownFileType = image.png; path = ic_shopping_cart.png; sourceTree = "<group>"; };
		FBDBCC7A20A045340085E75D /* news.png */ = {isa = PBXFileReference; lastKnownFileType = image.png; path = news.png; sourceTree = "<group>"; };
		FBDBCC7B20A045340085E75D /* store.png */ = {isa = PBXFileReference; lastKnownFileType = image.png; path = store.png; sourceTree = "<group>"; };
		FBDBCC7C20A045340085E75D /* calc.png */ = {isa = PBXFileReference; lastKnownFileType = image.png; path = calc.png; sourceTree = "<group>"; };
		FBDBCC7D20A045340085E75D /* home.png */ = {isa = PBXFileReference; lastKnownFileType = image.png; path = home.png; sourceTree = "<group>"; };
		FBDBCC7E20A045340085E75D /* tools.png */ = {isa = PBXFileReference; lastKnownFileType = image.png; path = tools.png; sourceTree = "<group>"; };
		FBDBCC7F20A045340085E75D /* procedures.png */ = {isa = PBXFileReference; lastKnownFileType = image.png; path = procedures.png; sourceTree = "<group>"; };
		FBDBCC8020A045340085E75D /* contacts.png */ = {isa = PBXFileReference; lastKnownFileType = image.png; path = contacts.png; sourceTree = "<group>"; };
		FBDBCC8120A045340085E75D /* ic_contacts_mobile.png */ = {isa = PBXFileReference; lastKnownFileType = image.png; path = ic_contacts_mobile.png; sourceTree = "<group>"; };
		FBDBCC8220A045340085E75D /* ic_email_blue.png */ = {isa = PBXFileReference; lastKnownFileType = image.png; path = ic_email_blue.png; sourceTree = "<group>"; };
		FBDBCC8320A045340085E75D /* ic_place_blue.png */ = {isa = PBXFileReference; lastKnownFileType = image.png; path = ic_place_blue.png; sourceTree = "<group>"; };
		FBDBCC8420A045340085E75D /* ic_filter_list.png */ = {isa = PBXFileReference; lastKnownFileType = image.png; path = ic_filter_list.png; sourceTree = "<group>"; };
		FBDBCC8520A045340085E75D /* ic_place.png */ = {isa = PBXFileReference; lastKnownFileType = image.png; path = ic_place.png; sourceTree = "<group>"; };
		FBDBCC8620A045340085E75D /* ic_contacts_email.png */ = {isa = PBXFileReference; lastKnownFileType = image.png; path = ic_contacts_email.png; sourceTree = "<group>"; };
		FBDBCC8720A045340085E75D /* ic_web.png */ = {isa = PBXFileReference; lastKnownFileType = image.png; path = ic_web.png; sourceTree = "<group>"; };
		FBDBCC8A20A045340085E75D /* strop-s-jednoduchou-konstrukciou-8.jpg */ = {isa = PBXFileReference; lastKnownFileType = image.jpeg; path = "strop-s-jednoduchou-konstrukciou-8.jpg"; sourceTree = "<group>"; };
		FBDBCC8B20A045340085E75D /* strop-s-jednoduchou-konstrukciou-2.jpg */ = {isa = PBXFileReference; lastKnownFileType = image.jpeg; path = "strop-s-jednoduchou-konstrukciou-2.jpg"; sourceTree = "<group>"; };
		FBDBCC8C20A045340085E75D /* strop-s-jednoduchou-konstrukciou-3.jpg */ = {isa = PBXFileReference; lastKnownFileType = image.jpeg; path = "strop-s-jednoduchou-konstrukciou-3.jpg"; sourceTree = "<group>"; };
		FBDBCC8D20A045340085E75D /* strop-s-jednoduchou-konstrukciou.jpg */ = {isa = PBXFileReference; lastKnownFileType = image.jpeg; path = "strop-s-jednoduchou-konstrukciou.jpg"; sourceTree = "<group>"; };
		FBDBCC8E20A045340085E75D /* strop-s-jednoduchou-konstrukciou-1.jpg */ = {isa = PBXFileReference; lastKnownFileType = image.jpeg; path = "strop-s-jednoduchou-konstrukciou-1.jpg"; sourceTree = "<group>"; };
		FBDBCC8F20A045340085E75D /* strop-s-jednoduchou-konstrukciou-4.jpg */ = {isa = PBXFileReference; lastKnownFileType = image.jpeg; path = "strop-s-jednoduchou-konstrukciou-4.jpg"; sourceTree = "<group>"; };
		FBDBCC9020A045340085E75D /* strop-s-jednoduchou-konstrukciou-5.jpg */ = {isa = PBXFileReference; lastKnownFileType = image.jpeg; path = "strop-s-jednoduchou-konstrukciou-5.jpg"; sourceTree = "<group>"; };
		FBDBCC9120A045340085E75D /* strop-s-jednoduchou-konstrukciou-7.jpg */ = {isa = PBXFileReference; lastKnownFileType = image.jpeg; path = "strop-s-jednoduchou-konstrukciou-7.jpg"; sourceTree = "<group>"; };
		FBDBCC9220A045340085E75D /* strop-s-jednoduchou-konstrukciou-6.jpg */ = {isa = PBXFileReference; lastKnownFileType = image.jpeg; path = "strop-s-jednoduchou-konstrukciou-6.jpg"; sourceTree = "<group>"; };
		FBDBCC9420A045340085E75D /* sadrokartonove-podkrovie-7.jpg */ = {isa = PBXFileReference; lastKnownFileType = image.jpeg; path = "sadrokartonove-podkrovie-7.jpg"; sourceTree = "<group>"; };
		FBDBCC9520A045340085E75D /* sadrokartonove-podkrovie-3.jpg */ = {isa = PBXFileReference; lastKnownFileType = image.jpeg; path = "sadrokartonove-podkrovie-3.jpg"; sourceTree = "<group>"; };
		FBDBCC9620A045340085E75D /* sadrokartonove-podkrovie-2.jpg */ = {isa = PBXFileReference; lastKnownFileType = image.jpeg; path = "sadrokartonove-podkrovie-2.jpg"; sourceTree = "<group>"; };
		FBDBCC9720A045340085E75D /* sadrokartonove-podkrovie-1.jpg */ = {isa = PBXFileReference; lastKnownFileType = image.jpeg; path = "sadrokartonove-podkrovie-1.jpg"; sourceTree = "<group>"; };
		FBDBCC9820A045340085E75D /* sadrokartonove-podkrovie.jpg */ = {isa = PBXFileReference; lastKnownFileType = image.jpeg; path = "sadrokartonove-podkrovie.jpg"; sourceTree = "<group>"; };
		FBDBCC9A20A045340085E75D /* strop-s-dvojitou-konstrukciou.jpg */ = {isa = PBXFileReference; lastKnownFileType = image.jpeg; path = "strop-s-dvojitou-konstrukciou.jpg"; sourceTree = "<group>"; };
		FBDBCC9C20A045340085E75D /* calculations.json */ = {isa = PBXFileReference; fileEncoding = 4; lastKnownFileType = text.json; path = calculations.json; sourceTree = "<group>"; };
		FBDBCC9D20A045340085E75D /* vypocty.json */ = {isa = PBXFileReference; fileEncoding = 4; lastKnownFileType = text.json; path = vypocty.json; sourceTree = "<group>"; };
		FBDBCC9E20A045340085E75D /* postupy.json */ = {isa = PBXFileReference; fileEncoding = 4; lastKnownFileType = text.json; path = postupy.json; sourceTree = "<group>"; };
		FBDBCC9F20A045340085E75D /* vypocet-kategorie.json */ = {isa = PBXFileReference; fileEncoding = 4; lastKnownFileType = text.json; path = "vypocet-kategorie.json"; sourceTree = "<group>"; };
		FBDBCCA120A045340085E75D /* favicon.ico */ = {isa = PBXFileReference; lastKnownFileType = image.ico; path = favicon.ico; sourceTree = "<group>"; };
		FBDBCCA320A045340085E75D /* roboto-medium.ttf */ = {isa = PBXFileReference; lastKnownFileType = file; path = "roboto-medium.ttf"; sourceTree = "<group>"; };
		FBDBCCA420A045340085E75D /* roboto-light.woff2 */ = {isa = PBXFileReference; lastKnownFileType = file; path = "roboto-light.woff2"; sourceTree = "<group>"; };
		FBDBCCA520A045340085E75D /* roboto-light.ttf */ = {isa = PBXFileReference; lastKnownFileType = file; path = "roboto-light.ttf"; sourceTree = "<group>"; };
		FBDBCCA620A045340085E75D /* roboto-regular.woff2 */ = {isa = PBXFileReference; lastKnownFileType = file; path = "roboto-regular.woff2"; sourceTree = "<group>"; };
		FBDBCCA720A045340085E75D /* roboto-regular.woff */ = {isa = PBXFileReference; lastKnownFileType = file; path = "roboto-regular.woff"; sourceTree = "<group>"; };
		FBDBCCA820A045340085E75D /* noto-sans-bold.ttf */ = {isa = PBXFileReference; lastKnownFileType = file; path = "noto-sans-bold.ttf"; sourceTree = "<group>"; };
		FBDBCCA920A045340085E75D /* ionicons.eot */ = {isa = PBXFileReference; lastKnownFileType = file; path = ionicons.eot; sourceTree = "<group>"; };
		FBDBCCAA20A045340085E75D /* noto-sans-bold.woff */ = {isa = PBXFileReference; lastKnownFileType = file; path = "noto-sans-bold.woff"; sourceTree = "<group>"; };
		FBDBCCAB20A045340085E75D /* roboto-light.woff */ = {isa = PBXFileReference; lastKnownFileType = file; path = "roboto-light.woff"; sourceTree = "<group>"; };
		FBDBCCAC20A045340085E75D /* roboto-medium.woff2 */ = {isa = PBXFileReference; lastKnownFileType = file; path = "roboto-medium.woff2"; sourceTree = "<group>"; };
		FBDBCCAD20A045340085E75D /* ionicons.woff */ = {isa = PBXFileReference; lastKnownFileType = file; path = ionicons.woff; sourceTree = "<group>"; };
		FBDBCCAE20A045340085E75D /* roboto-regular.ttf */ = {isa = PBXFileReference; lastKnownFileType = file; path = "roboto-regular.ttf"; sourceTree = "<group>"; };
		FBDBCCAF20A045340085E75D /* ionicons.ttf */ = {isa = PBXFileReference; lastKnownFileType = file; path = ionicons.ttf; sourceTree = "<group>"; };
		FBDBCCB020A045340085E75D /* roboto-bold.woff2 */ = {isa = PBXFileReference; lastKnownFileType = file; path = "roboto-bold.woff2"; sourceTree = "<group>"; };
		FBDBCCB120A045340085E75D /* noto-sans.scss */ = {isa = PBXFileReference; fileEncoding = 4; lastKnownFileType = text; path = "noto-sans.scss"; sourceTree = "<group>"; };
		FBDBCCB220A045340085E75D /* roboto.scss */ = {isa = PBXFileReference; fileEncoding = 4; lastKnownFileType = text; path = roboto.scss; sourceTree = "<group>"; };
		FBDBCCB320A045340085E75D /* noto-sans-regular.woff */ = {isa = PBXFileReference; lastKnownFileType = file; path = "noto-sans-regular.woff"; sourceTree = "<group>"; };
		FBDBCCB420A045340085E75D /* roboto-medium.woff */ = {isa = PBXFileReference; lastKnownFileType = file; path = "roboto-medium.woff"; sourceTree = "<group>"; };
		FBDBCCB520A045340085E75D /* roboto-bold.woff */ = {isa = PBXFileReference; lastKnownFileType = file; path = "roboto-bold.woff"; sourceTree = "<group>"; };
		FBDBCCB620A045340085E75D /* noto-sans-regular.ttf */ = {isa = PBXFileReference; lastKnownFileType = file; path = "noto-sans-regular.ttf"; sourceTree = "<group>"; };
		FBDBCCB720A045340085E75D /* ionicons.svg */ = {isa = PBXFileReference; fileEncoding = 4; lastKnownFileType = text.xml; path = ionicons.svg; sourceTree = "<group>"; };
		FBDBCCB820A045340085E75D /* roboto-bold.ttf */ = {isa = PBXFileReference; lastKnownFileType = file; path = "roboto-bold.ttf"; sourceTree = "<group>"; };
		FBDBCCB920A045340085E75D /* ionicons.woff2 */ = {isa = PBXFileReference; lastKnownFileType = file; path = ionicons.woff2; sourceTree = "<group>"; };
		FBDBCCBA20A045340085E75D /* ionicons.scss */ = {isa = PBXFileReference; fileEncoding = 4; lastKnownFileType = text; path = ionicons.scss; sourceTree = "<group>"; };
		E81E07CB2B054789867CA252 /* CDVBarcodeScanner.mm */ = {isa = PBXFileReference; name = "CDVBarcodeScanner.mm"; path = "phonegap-plugin-barcodescanner/CDVBarcodeScanner.mm"; sourceTree = "<group>"; fileEncoding = undefined; lastKnownFileType = unknown; explicitFileType = undefined; includeInIndex = 0; };
		62D223C4DDF94D1D8FD2B6B7 /* scannerOverlay.xib */ = {isa = PBXFileReference; name = "scannerOverlay.xib"; path = "scannerOverlay.xib"; sourceTree = "<group>"; fileEncoding = undefined; lastKnownFileType = file.xib; explicitFileType = undefined; includeInIndex = 0; };
		2D002D7C102148519F289BDA /* CDVBarcodeScanner.bundle */ = {isa = PBXFileReference; name = "CDVBarcodeScanner.bundle"; path = "CDVBarcodeScanner.bundle"; sourceTree = "<group>"; fileEncoding = undefined; lastKnownFileType = wrapper.plug-in; explicitFileType = undefined; includeInIndex = 0; };
/* End PBXFileReference section */

/* Begin PBXFrameworksBuildPhase section */
		1D60588F0D05DD3D006BFB54 /* Frameworks */ = {
			isa = PBXFrameworksBuildPhase;
			buildActionMask = 2147483647;
			files = (
				301BF552109A68D80062928A /* libCordova.a in Frameworks */,
				90CD3E27D0D0495EB7A9D8DB /* libz.tbd in Frameworks */,
				57426BF13F1442E78744F119 /* WebKit.framework in Frameworks */,
			);
			runOnlyForDeploymentPostprocessing = 0;
		};
/* End PBXFrameworksBuildPhase section */

/* Begin PBXGroup section */
		080E96DDFE201D6D7F000001 /* Classes */ = {
			isa = PBXGroup;
			children = (
				302D95EE14D2391D003F00A1 /* MainViewController.h */,
				302D95EF14D2391D003F00A1 /* MainViewController.m */,
				302D95F014D2391D003F00A1 /* MainViewController.xib */,
				1D3623240D0F684500981E51 /* AppDelegate.h */,
				1D3623250D0F684500981E51 /* AppDelegate.m */,
			);
			name = Classes;
			path = ionic/Classes;
			sourceTree = SOURCE_ROOT;
		};
		19C28FACFE9D520D11CA2CBB /* Products */ = {
			isa = PBXGroup;
			children = (
				1D6058910D05DD3D006BFB54 /* ionic.app */,
			);
			name = Products;
			sourceTree = "<group>";
		};
		29B97314FDCFA39411CA2CEA /* CustomTemplate */ = {
			isa = PBXGroup;
			children = (
				FBDBCC5C20A045340085E75D /* assets */,
				EB87FDF41871DAF40020F90C /* config.xml */,
				EB87FDF31871DA8E0020F90C /* www */,
				EB87FDF11871DA420020F90C /* Staging */,
				301BF52D109A57CC0062928A /* CordovaLib/CordovaLib.xcodeproj */,
				080E96DDFE201D6D7F000001 /* Classes */,
				307C750510C5A3420062BCA9 /* Plugins */,
				29B97315FDCFA39411CA2CEA /* Other Sources */,
				29B97317FDCFA39411CA2CEA /* Resources */,
				29B97323FDCFA39411CA2CEA /* Frameworks */,
				19C28FACFE9D520D11CA2CBB /* Products */,
			);
			name = CustomTemplate;
			sourceTree = "<group>";
		};
		29B97315FDCFA39411CA2CEA /* Other Sources */ = {
			isa = PBXGroup;
			children = (
				32CA4F630368D1EE00C91783 /* ionic-Prefix.pch */,
				29B97316FDCFA39411CA2CEA /* main.m */,
				ED33DF2A687741AEAF9F8254 /* Bridging-Header.h */,
			);
			name = "Other Sources";
			path = ionic;
			sourceTree = "<group>";
		};
		29B97317FDCFA39411CA2CEA /* Resources */ = {
			isa = PBXGroup;
			children = (
				0207DA571B56EA530066E2B4 /* Images.xcassets */,
				3047A50E1AB8057F00498E2A /* config */,
				8D1107310486CEB800E47090 /* ionic-Info.plist */,
				6AFF5BF81D6E424B00AB3073 /* CDVLaunchScreen.storyboard */,
				62D223C4DDF94D1D8FD2B6B7 /* scannerOverlay.xib */,
				2D002D7C102148519F289BDA /* CDVBarcodeScanner.bundle */,
			);
			name = Resources;
			path = ionic/Resources;
			sourceTree = "<group>";
		};
		29B97323FDCFA39411CA2CEA /* Frameworks */ = {
			isa = PBXGroup;
			children = (
				4F1A40BDD2FA4FD4BB1495E6 /* libz.tbd */,
				1A832CB397154505896A4858 /* WebKit.framework */,
			);
			name = Frameworks;
			sourceTree = "<group>";
		};
		301BF52E109A57CC0062928A /* Products */ = {
			isa = PBXGroup;
			children = (
				301BF535109A57CC0062928A /* libCordova.a */,
				FBDBCC59209FB3920085E75D /* Cordova.framework */,
			);
			name = Products;
			sourceTree = "<group>";
		};
		3047A50E1AB8057F00498E2A /* config */ = {
			isa = PBXGroup;
			children = (
				3047A50F1AB8059700498E2A /* build-debug.xcconfig */,
				3047A5101AB8059700498E2A /* build-release.xcconfig */,
				3047A5111AB8059700498E2A /* build.xcconfig */,
			);
			name = config;
			sourceTree = "<group>";
		};
		307C750510C5A3420062BCA9 /* Plugins */ = {
			isa = PBXGroup;
			children = (
				5751928523E742F7B4273E87 /* CDVDevice.m */,
				18B74B5FF2FD4C4DA680FE2C /* CDVDevice.h */,
				ADC5B427D1694C688A6B8E7D /* CDVIonicKeyboard.m */,
				7C762A8EA4DC4D6BBB95A2AC /* CDVIonicKeyboard.h */,
				8D056B75B3384CE99F3787B0 /* CDVWKWebViewEngine.m */,
				02D792EC884D4010942A0E1D /* CDVWKWebViewUIDelegate.m */,
				DF285048B8C54A93A5B02C37 /* CDVWKProcessPoolFactory.m */,
				9ED9792499284E329BE50307 /* GCDWebServer.m */,
				E004C948A9524244B8C66064 /* GCDWebServerConnection.m */,
				EF2CD866AD4C4DA2B48810A6 /* GCDWebServerFunctions.m */,
				D7701BFBA5A6467BB69B9F3A /* GCDWebServerRequest.m */,
				9F0CA8409D8E4D109C2D4793 /* GCDWebServerResponse.m */,
				67ABBBA93B564665ACA1CB71 /* GCDWebServerDataRequest.m */,
				4ECD53F889004E1A96ABB11F /* GCDWebServerFileRequest.m */,
				DF3357AEB9AB4B938A2168BC /* GCDWebServerMultiPartFormRequest.m */,
				B28F9319896D447F8B3613FA /* GCDWebServerURLEncodedFormRequest.m */,
				69D0049CE9CC4A6DA01B78FA /* GCDWebServerDataResponse.m */,
				DCF68E36CEAA4F39AAF587D8 /* GCDWebServerErrorResponse.m */,
				3F24138D8FD043CEAE9E0F78 /* GCDWebServerFileResponse.m */,
				9D658A6B838B4FCFAF6C899B /* GCDWebServerStreamedResponse.m */,
				021FEF56016140D8B6178ECA /* CDVWKWebViewEngine.h */,
				C43CB4D8822346F4A3E85F33 /* CDVWKWebViewUIDelegate.h */,
				62650D82B6C341A9B00889D5 /* CDVWKProcessPoolFactory.h */,
				42BA197886BE4A9A8ACA49DA /* GCDWebServer.h */,
				C790FC0821BD40A3BB50704B /* GCDWebServerConnection.h */,
				BA9C6C5F5F784E6F81EB9DD6 /* GCDWebServerFunctions.h */,
				2B999146560F4E43B089D2E3 /* GCDWebServerHTTPStatusCodes.h */,
				A0872C6DF8D248C6BEC488D5 /* GCDWebServerPrivate.h */,
				A63E3BF6AAFF4809920E18F9 /* GCDWebServerRequest.h */,
				0C0DC74C0D9D4D1AB702BA37 /* GCDWebServerResponse.h */,
				C842065ED52349A99A2DE9A1 /* GCDWebServerDataRequest.h */,
				634884644759484490C6104D /* GCDWebServerFileRequest.h */,
				B3C2B17533AD4672B6F6DD27 /* GCDWebServerMultiPartFormRequest.h */,
				B76701B7CAA6418EAAA9BC60 /* GCDWebServerURLEncodedFormRequest.h */,
				20785066E9BE419CBF76CA40 /* GCDWebServerDataResponse.h */,
				D4A81CF85BF943BAA444962E /* GCDWebServerErrorResponse.h */,
				915E948052C54ECA99B583B2 /* GCDWebServerFileResponse.h */,
				63E5F89136BE4023B03798B3 /* GCDWebServerStreamedResponse.h */,
				785FD349E6794C4BBD6CCC94 /* CDVSplashScreen.m */,
				A37CD047A1164F85BB8B3F58 /* CDVViewController+SplashScreen.m */,
				56D37165FDC74D5B9EEF3413 /* CDVSplashScreen.h */,
				EAB8E821010F4A5DA127CED9 /* CDVViewController+SplashScreen.h */,
				A57D5F388C324F839AC1722E /* SQLitePlugin.m */,
				F8CA375F55A948F29F85612C /* PSPDFThreadSafeMutableDictionary.m */,
				6F468D57B0C5461C891B4171 /* sqlite3.c */,
				14D8E1B1F2754CF09336CB3E /* SQLitePlugin.h */,
				40DC1B45ED7C4BF4A5AD1013 /* PSPDFThreadSafeMutableDictionary.h */,
				E781A0843683464E9CB5618B /* sqlite3.h */,
				4A7C4E5E92BD4BA082F259FF /* CDVInAppBrowser.m */,
				C2DE17CDCD6649F1AA698BB2 /* CDVInAppBrowser.h */,
				328F650FC40C4DD08EDC52CB /* QRScanner.swift */,
				596B17AE3C9E41CB840C42F2 /* Flashlight.m */,
				34FD3583DFDF44409F7AF0D1 /* Flashlight.h */,
				312511904C8F4A8C96C88ED5 /* CDVFile.m */,
				74D6899BB0B4420A96196C28 /* CDVLocalFilesystem.m */,
				88B98DF31C4B4EFCBFB19630 /* CDVAssetLibraryFilesystem.m */,
				E3AE377EB61745558AFBD3A3 /* CDVFile.h */,
				0333ED531FC749298AF1D40E /* CDVLocalFilesystem.h */,
				080534E74DDC4C25986B2C64 /* CDVAssetLibraryFilesystem.h */,
				69B0584FF00E427297E78099 /* CDVFileTransfer.m */,
				2C5B2F62D2AE440BADD5EF63 /* CDVFileTransfer.h */,
				E81E07CB2B054789867CA252 /* CDVBarcodeScanner.mm */,
			);
			name = Plugins;
			path = ionic/Plugins;
			sourceTree = SOURCE_ROOT;
		};
		EB87FDF11871DA420020F90C /* Staging */ = {
			isa = PBXGroup;
			children = (
				F840E1F0165FE0F500CFE078 /* config.xml */,
				301BF56E109A69640062928A /* www */,
			);
			name = Staging;
			sourceTree = "<group>";
		};
		FBDBCC5C20A045340085E75D /* assets */ = {
			isa = PBXGroup;
			children = (
				FBDBCC5D20A045340085E75D /* imgs */,
				FBDBCC9B20A045340085E75D /* json */,
				FBDBCCA020A045340085E75D /* icon */,
				FBDBCCA220A045340085E75D /* fonts */,
			);
			name = assets;
			path = www/assets;
			sourceTree = "<group>";
		};
		FBDBCC5D20A045340085E75D /* imgs */ = {
			isa = PBXGroup;
			children = (
				FBDBCC5E20A045340085E75D /* gipsol-logo.png */,
				FBDBCC5F20A045340085E75D /* nastroje */,
				FBDBCC6620A045340085E75D /* logo.png */,
				FBDBCC6720A045340085E75D /* icons */,
				FBDBCC8820A045340085E75D /* pracovne-postupy */,
			);
			path = imgs;
			sourceTree = "<group>";
		};
		FBDBCC5F20A045340085E75D /* nastroje */ = {
			isa = PBXGroup;
			children = (
				FBDBCC6020A045340085E75D /* meter.png */,
				FBDBCC6120A045340085E75D /* ic_torch_on.png */,
				FBDBCC6220A045340085E75D /* prevodnik.png */,
				FBDBCC6320A045340085E75D /* qr.png */,
				FBDBCC6420A045340085E75D /* ic_torch_off.png */,
				FBDBCC6520A045340085E75D /* vzdialenost.png */,
			);
			path = nastroje;
			sourceTree = "<group>";
		};
		FBDBCC6720A045340085E75D /* icons */ = {
			isa = PBXGroup;
			children = (
				FBDBCC6820A045340085E75D /* ic_keyboard_arrow_right.png */,
				FBDBCC6920A045340085E75D /* ic_home.png */,
				FBDBCC6A20A045340085E75D /* ic_calculations.png */,
				FBDBCC6B20A045340085E75D /* ic_swap_vert.png */,
				FBDBCC6C20A045340085E75D /* ic_logo_blue.png */,
				FBDBCC6D20A045340085E75D /* ic_facebook.png */,
				FBDBCC6E20A045340085E75D /* ic_phone.png */,
				FBDBCC6F20A045340085E75D /* ic_logo_white.png */,
				FBDBCC7020A045340085E75D /* ic_procedures.png */,
				FBDBCC7120A045340085E75D /* ic_star.png */,
				FBDBCC7220A045340085E75D /* ic_logo_white_long.png */,
				FBDBCC7320A045340085E75D /* ic_settings.png */,
				FBDBCC7420A045340085E75D /* ic_launcher.png */,
				FBDBCC7520A045340085E75D /* ic_contacts_fax.png */,
				FBDBCC7620A045340085E75D /* ic_tools.png */,
				FBDBCC7720A045340085E75D /* ic_phone_blue.png */,
				FBDBCC7820A045340085E75D /* ic_shopping_cart.png */,
				FBDBCC7920A045340085E75D /* nav */,
				FBDBCC8120A045340085E75D /* ic_contacts_mobile.png */,
				FBDBCC8220A045340085E75D /* ic_email_blue.png */,
				FBDBCC8320A045340085E75D /* ic_place_blue.png */,
				FBDBCC8420A045340085E75D /* ic_filter_list.png */,
				FBDBCC8520A045340085E75D /* ic_place.png */,
				FBDBCC8620A045340085E75D /* ic_contacts_email.png */,
				FBDBCC8720A045340085E75D /* ic_web.png */,
			);
			path = icons;
			sourceTree = "<group>";
		};
		FBDBCC7920A045340085E75D /* nav */ = {
			isa = PBXGroup;
			children = (
				FBDBCC7A20A045340085E75D /* news.png */,
				FBDBCC7B20A045340085E75D /* store.png */,
				FBDBCC7C20A045340085E75D /* calc.png */,
				FBDBCC7D20A045340085E75D /* home.png */,
				FBDBCC7E20A045340085E75D /* tools.png */,
				FBDBCC7F20A045340085E75D /* procedures.png */,
				FBDBCC8020A045340085E75D /* contacts.png */,
			);
			path = nav;
			sourceTree = "<group>";
		};
		FBDBCC8820A045340085E75D /* pracovne-postupy */ = {
			isa = PBXGroup;
			children = (
				FBDBCC8920A045340085E75D /* strop-s-jednoduchou-konstrukciou */,
				FBDBCC9320A045340085E75D /* sadrokartonove-podkrovie */,
				FBDBCC9920A045340085E75D /* strop-s-dvojitou-konstrukciou */,
			);
			path = "pracovne-postupy";
			sourceTree = "<group>";
		};
		FBDBCC8920A045340085E75D /* strop-s-jednoduchou-konstrukciou */ = {
			isa = PBXGroup;
			children = (
				FBDBCC8A20A045340085E75D /* strop-s-jednoduchou-konstrukciou-8.jpg */,
				FBDBCC8B20A045340085E75D /* strop-s-jednoduchou-konstrukciou-2.jpg */,
				FBDBCC8C20A045340085E75D /* strop-s-jednoduchou-konstrukciou-3.jpg */,
				FBDBCC8D20A045340085E75D /* strop-s-jednoduchou-konstrukciou.jpg */,
				FBDBCC8E20A045340085E75D /* strop-s-jednoduchou-konstrukciou-1.jpg */,
				FBDBCC8F20A045340085E75D /* strop-s-jednoduchou-konstrukciou-4.jpg */,
				FBDBCC9020A045340085E75D /* strop-s-jednoduchou-konstrukciou-5.jpg */,
				FBDBCC9120A045340085E75D /* strop-s-jednoduchou-konstrukciou-7.jpg */,
				FBDBCC9220A045340085E75D /* strop-s-jednoduchou-konstrukciou-6.jpg */,
			);
			path = "strop-s-jednoduchou-konstrukciou";
			sourceTree = "<group>";
		};
		FBDBCC9320A045340085E75D /* sadrokartonove-podkrovie */ = {
			isa = PBXGroup;
			children = (
				FBDBCC9420A045340085E75D /* sadrokartonove-podkrovie-7.jpg */,
				FBDBCC9520A045340085E75D /* sadrokartonove-podkrovie-3.jpg */,
				FBDBCC9620A045340085E75D /* sadrokartonove-podkrovie-2.jpg */,
				FBDBCC9720A045340085E75D /* sadrokartonove-podkrovie-1.jpg */,
				FBDBCC9820A045340085E75D /* sadrokartonove-podkrovie.jpg */,
			);
			path = "sadrokartonove-podkrovie";
			sourceTree = "<group>";
		};
		FBDBCC9920A045340085E75D /* strop-s-dvojitou-konstrukciou */ = {
			isa = PBXGroup;
			children = (
				FBDBCC9A20A045340085E75D /* strop-s-dvojitou-konstrukciou.jpg */,
			);
			path = "strop-s-dvojitou-konstrukciou";
			sourceTree = "<group>";
		};
		FBDBCC9B20A045340085E75D /* json */ = {
			isa = PBXGroup;
			children = (
				FBDBCC9C20A045340085E75D /* calculations.json */,
				FBDBCC9D20A045340085E75D /* vypocty.json */,
				FBDBCC9E20A045340085E75D /* postupy.json */,
				FBDBCC9F20A045340085E75D /* vypocet-kategorie.json */,
			);
			path = json;
			sourceTree = "<group>";
		};
		FBDBCCA020A045340085E75D /* icon */ = {
			isa = PBXGroup;
			children = (
				FBDBCCA120A045340085E75D /* favicon.ico */,
			);
			path = icon;
			sourceTree = "<group>";
		};
		FBDBCCA220A045340085E75D /* fonts */ = {
			isa = PBXGroup;
			children = (
				FBDBCCA320A045340085E75D /* roboto-medium.ttf */,
				FBDBCCA420A045340085E75D /* roboto-light.woff2 */,
				FBDBCCA520A045340085E75D /* roboto-light.ttf */,
				FBDBCCA620A045340085E75D /* roboto-regular.woff2 */,
				FBDBCCA720A045340085E75D /* roboto-regular.woff */,
				FBDBCCA820A045340085E75D /* noto-sans-bold.ttf */,
				FBDBCCA920A045340085E75D /* ionicons.eot */,
				FBDBCCAA20A045340085E75D /* noto-sans-bold.woff */,
				FBDBCCAB20A045340085E75D /* roboto-light.woff */,
				FBDBCCAC20A045340085E75D /* roboto-medium.woff2 */,
				FBDBCCAD20A045340085E75D /* ionicons.woff */,
				FBDBCCAE20A045340085E75D /* roboto-regular.ttf */,
				FBDBCCAF20A045340085E75D /* ionicons.ttf */,
				FBDBCCB020A045340085E75D /* roboto-bold.woff2 */,
				FBDBCCB120A045340085E75D /* noto-sans.scss */,
				FBDBCCB220A045340085E75D /* roboto.scss */,
				FBDBCCB320A045340085E75D /* noto-sans-regular.woff */,
				FBDBCCB420A045340085E75D /* roboto-medium.woff */,
				FBDBCCB520A045340085E75D /* roboto-bold.woff */,
				FBDBCCB620A045340085E75D /* noto-sans-regular.ttf */,
				FBDBCCB720A045340085E75D /* ionicons.svg */,
				FBDBCCB820A045340085E75D /* roboto-bold.ttf */,
				FBDBCCB920A045340085E75D /* ionicons.woff2 */,
				FBDBCCBA20A045340085E75D /* ionicons.scss */,
			);
			path = fonts;
			sourceTree = "<group>";
		};
/* End PBXGroup section */

/* Begin PBXNativeTarget section */
		1D6058900D05DD3D006BFB54 /* ionic */ = {
			isa = PBXNativeTarget;
			buildConfigurationList = 1D6058960D05DD3E006BFB54 /* Build configuration list for PBXNativeTarget "ionic" */;
			buildPhases = (
				304B58A110DAC018002A0835 /* Copy www directory */,
				1D60588D0D05DD3D006BFB54 /* Resources */,
				1D60588E0D05DD3D006BFB54 /* Sources */,
				1D60588F0D05DD3D006BFB54 /* Frameworks */,
			);
			buildRules = (
			);
			dependencies = (
				301BF551109A68C00062928A /* PBXTargetDependency */,
			);
			name = ionic;
			productName = ionic;
			productReference = 1D6058910D05DD3D006BFB54 /* ionic.app */;
			productType = "com.apple.product-type.application";
		};
/* End PBXNativeTarget section */

/* Begin PBXProject section */
		29B97313FDCFA39411CA2CEA /* Project object */ = {
			isa = PBXProject;
			attributes = {
				LastUpgradeCheck = 510;
				TargetAttributes = {
					1D6058900D05DD3D006BFB54 = {
						DevelopmentTeam = L3QBN4DMSU;
					};
				};
			};
			buildConfigurationList = C01FCF4E08A954540054247B /* Build configuration list for PBXProject "ionic" */;
			compatibilityVersion = "Xcode 3.2";
			developmentRegion = English;
			hasScannedForEncodings = 1;
			knownRegions = (
				en,
			);
			mainGroup = 29B97314FDCFA39411CA2CEA /* CustomTemplate */;
			projectDirPath = "";
			projectReferences = (
				{
					ProductGroup = 301BF52E109A57CC0062928A /* Products */;
					ProjectRef = 301BF52D109A57CC0062928A /* CordovaLib/CordovaLib.xcodeproj */;
				},
			);
			projectRoot = "";
			targets = (
				1D6058900D05DD3D006BFB54 /* ionic */,
			);
		};
/* End PBXProject section */

/* Begin PBXReferenceProxy section */
		301BF535109A57CC0062928A /* libCordova.a */ = {
			isa = PBXReferenceProxy;
			fileType = archive.ar;
			path = libCordova.a;
			remoteRef = 301BF534109A57CC0062928A /* PBXContainerItemProxy */;
			sourceTree = BUILT_PRODUCTS_DIR;
		};
		FBDBCC59209FB3920085E75D /* Cordova.framework */ = {
			isa = PBXReferenceProxy;
			fileType = wrapper.framework;
			path = Cordova.framework;
			remoteRef = FBDBCC58209FB3920085E75D /* PBXContainerItemProxy */;
			sourceTree = BUILT_PRODUCTS_DIR;
		};
/* End PBXReferenceProxy section */

/* Begin PBXResourcesBuildPhase section */
		1D60588D0D05DD3D006BFB54 /* Resources */ = {
			isa = PBXResourcesBuildPhase;
			buildActionMask = 2147483647;
			files = (
				302D95F214D2391D003F00A1 /* MainViewController.xib in Resources */,
				FBDBCCC020A045340085E75D /* ic_torch_off.png in Resources */,
				FBDBCD0420A045350085E75D /* noto-sans.scss in Resources */,
				FBDBCCD820A045350085E75D /* tools.png in Resources */,
				FBDBCCEE20A045350085E75D /* sadrokartonove-podkrovie-1.jpg in Resources */,
				FBDBCD0820A045350085E75D /* roboto-bold.woff in Resources */,
				FBDBCCD920A045350085E75D /* procedures.png in Resources */,
				FBDBCCE220A045350085E75D /* strop-s-jednoduchou-konstrukciou-8.jpg in Resources */,
				FBDBCD0620A045350085E75D /* noto-sans-regular.woff in Resources */,
				FBDBCD0A20A045350085E75D /* ionicons.svg in Resources */,
				FBDBCCFE20A045350085E75D /* roboto-light.woff in Resources */,
				FBDBCCEC20A045350085E75D /* sadrokartonove-podkrovie-3.jpg in Resources */,
				FBDBCCFF20A045350085E75D /* roboto-medium.woff2 in Resources */,
				FBDBCCC220A045350085E75D /* logo.png in Resources */,
				FBDBCD0320A045350085E75D /* roboto-bold.woff2 in Resources */,
				FBDBCCD120A045350085E75D /* ic_tools.png in Resources */,
				FBDBCCD720A045350085E75D /* home.png in Resources */,
				FBDBCD0920A045350085E75D /* noto-sans-regular.ttf in Resources */,
				FBDBCD0B20A045350085E75D /* roboto-bold.ttf in Resources */,
				FBDBCCF820A045350085E75D /* roboto-light.ttf in Resources */,
				FBDBCD0C20A045350085E75D /* ionicons.woff2 in Resources */,
				FBDBCCFA20A045350085E75D /* roboto-regular.woff in Resources */,
				FBDBCCE820A045350085E75D /* strop-s-jednoduchou-konstrukciou-5.jpg in Resources */,
				FBDBCCE520A045350085E75D /* strop-s-jednoduchou-konstrukciou.jpg in Resources */,
				FBDBCCDF20A045350085E75D /* ic_place.png in Resources */,
				FBDBCCC620A045350085E75D /* ic_swap_vert.png in Resources */,
				FBDBCD0720A045350085E75D /* roboto-medium.woff in Resources */,
				FBDBCCE420A045350085E75D /* strop-s-jednoduchou-konstrukciou-3.jpg in Resources */,
				FBDBCD0020A045350085E75D /* ionicons.woff in Resources */,
				FBDBCCCA20A045350085E75D /* ic_logo_white.png in Resources */,
				FBDBCCE120A045350085E75D /* ic_web.png in Resources */,
				FBDBCCBC20A045340085E75D /* meter.png in Resources */,
				FBDBCCD520A045350085E75D /* store.png in Resources */,
				FBDBCCD320A045350085E75D /* ic_shopping_cart.png in Resources */,
				FBDBCCE320A045350085E75D /* strop-s-jednoduchou-konstrukciou-2.jpg in Resources */,
				FBDBCD0520A045350085E75D /* roboto.scss in Resources */,
				FBDBCCF220A045350085E75D /* vypocty.json in Resources */,
				FBDBCCF120A045350085E75D /* calculations.json in Resources */,
				FBDBCCDC20A045350085E75D /* ic_email_blue.png in Resources */,
				FBDBCCF520A045350085E75D /* favicon.ico in Resources */,
				FBDBCCD620A045350085E75D /* calc.png in Resources */,
				FBDBCCBE20A045340085E75D /* prevodnik.png in Resources */,
				FBDBCCDA20A045350085E75D /* contacts.png in Resources */,
				FBDBCCCF20A045350085E75D /* ic_launcher.png in Resources */,
				FBDBCCF620A045350085E75D /* roboto-medium.ttf in Resources */,
				FBDBCCCC20A045350085E75D /* ic_star.png in Resources */,
				FBDBCD0220A045350085E75D /* ionicons.ttf in Resources */,
				FBDBCCDE20A045350085E75D /* ic_filter_list.png in Resources */,
				FBDBCCFB20A045350085E75D /* noto-sans-bold.ttf in Resources */,
				FBDBCCFC20A045350085E75D /* ionicons.eot in Resources */,
				FBDBCCCB20A045350085E75D /* ic_procedures.png in Resources */,
				FBDBCCDD20A045350085E75D /* ic_place_blue.png in Resources */,
				FBDBCCEA20A045350085E75D /* strop-s-jednoduchou-konstrukciou-6.jpg in Resources */,
				FBDBCCC720A045350085E75D /* ic_logo_blue.png in Resources */,
				FBDBCCC320A045350085E75D /* ic_keyboard_arrow_right.png in Resources */,
				FBDBCCE920A045350085E75D /* strop-s-jednoduchou-konstrukciou-7.jpg in Resources */,
				0207DA581B56EA530066E2B4 /* Images.xcassets in Resources */,
				FBDBCCED20A045350085E75D /* sadrokartonove-podkrovie-2.jpg in Resources */,
				FBDBCCC820A045350085E75D /* ic_facebook.png in Resources */,
				FBDBCCDB20A045350085E75D /* ic_contacts_mobile.png in Resources */,
				FBDBCCEB20A045350085E75D /* sadrokartonove-podkrovie-7.jpg in Resources */,
				FBDBCCD420A045350085E75D /* news.png in Resources */,
				FBDBCCE720A045350085E75D /* strop-s-jednoduchou-konstrukciou-4.jpg in Resources */,
				FBDBCD0120A045350085E75D /* roboto-regular.ttf in Resources */,
				FBDBCCFD20A045350085E75D /* noto-sans-bold.woff in Resources */,
				FBDBCCE020A045350085E75D /* ic_contacts_email.png in Resources */,
				FBDBCCC120A045350085E75D /* vzdialenost.png in Resources */,
				FBDBCCBF20A045340085E75D /* qr.png in Resources */,
				FBDBCCC920A045350085E75D /* ic_phone.png in Resources */,
				FBDBCCF920A045350085E75D /* roboto-regular.woff2 in Resources */,
				FBDBCCEF20A045350085E75D /* sadrokartonove-podkrovie.jpg in Resources */,
				FBDBCD0D20A045350085E75D /* ionicons.scss in Resources */,
				FBDBCCF320A045350085E75D /* postupy.json in Resources */,
				FBDBCCBB20A045340085E75D /* gipsol-logo.png in Resources */,
				FBDBCCC420A045350085E75D /* ic_home.png in Resources */,
				FBDBCCC520A045350085E75D /* ic_calculations.png in Resources */,
				FBDBCCF420A045350085E75D /* vypocet-kategorie.json in Resources */,
				6AFF5BF91D6E424B00AB3073 /* CDVLaunchScreen.storyboard in Resources */,
				FBDBCCE620A045350085E75D /* strop-s-jednoduchou-konstrukciou-1.jpg in Resources */,
				FBDBCCCE20A045350085E75D /* ic_settings.png in Resources */,
				FBDBCCF020A045350085E75D /* strop-s-dvojitou-konstrukciou.jpg in Resources */,
				FBDBCCD220A045350085E75D /* ic_phone_blue.png in Resources */,
				FBDBCCD020A045350085E75D /* ic_contacts_fax.png in Resources */,
				FBDBCCCD20A045350085E75D /* ic_logo_white_long.png in Resources */,
				FBDBCCF720A045350085E75D /* roboto-light.woff2 in Resources */,
				FBDBCCBD20A045340085E75D /* ic_torch_on.png in Resources */,
				FACC72D264B540418B23ABF4 /* scannerOverlay.xib in Resources */,
				E84A531996A04D16B390659E /* CDVBarcodeScanner.bundle in Resources */,
			);
			runOnlyForDeploymentPostprocessing = 0;
		};
/* End PBXResourcesBuildPhase section */

/* Begin PBXShellScriptBuildPhase section */
		304B58A110DAC018002A0835 /* Copy www directory */ = {
			isa = PBXShellScriptBuildPhase;
			buildActionMask = 2147483647;
			files = (
			);
			inputPaths = (
			);
			name = "Copy www directory";
			outputPaths = (
			);
			runOnlyForDeploymentPostprocessing = 0;
			shellPath = /bin/sh;
			shellScript = "NODEJS_PATH=/usr/local/bin; NVM_NODE_PATH=~/.nvm/versions/node/`nvm version 2>/dev/null`/bin; N_NODE_PATH=`find /usr/local/n/versions/node/* -maxdepth 0 -type d 2>/dev/null | tail -1`/bin; XCODE_NODE_PATH=`xcode-select --print-path`/usr/share/xcs/Node/bin; PATH=$NODEJS_PATH:$NVM_NODE_PATH:$N_NODE_PATH:$XCODE_NODE_PATH:$PATH && node cordova/lib/copy-www-build-step.js";
			showEnvVarsInLog = 0;
		};
/* End PBXShellScriptBuildPhase section */

/* Begin PBXSourcesBuildPhase section */
		1D60588E0D05DD3D006BFB54 /* Sources */ = {
			isa = PBXSourcesBuildPhase;
			buildActionMask = 2147483647;
			files = (
				1D60589B0D05DD56006BFB54 /* main.m in Sources */,
				1D3623260D0F684500981E51 /* AppDelegate.m in Sources */,
				302D95F114D2391D003F00A1 /* MainViewController.m in Sources */,
				43AB40FC649642B89D24DFF8 /* CDVDevice.m in Sources */,
				9B1951F2CF3A4E02BD512D15 /* CDVIonicKeyboard.m in Sources */,
				865865DF240D4D5FB96C210E /* CDVWKWebViewEngine.m in Sources */,
				ADB8066C39F04230A11322AD /* CDVWKWebViewUIDelegate.m in Sources */,
				F42EBFC44656437DAF702CBC /* CDVWKProcessPoolFactory.m in Sources */,
				A3E6C825A2D2480480934B70 /* GCDWebServer.m in Sources */,
				BF6778CEA0214D22B280DE18 /* GCDWebServerConnection.m in Sources */,
				3483FA99624A4D8FA3BFEBE8 /* GCDWebServerFunctions.m in Sources */,
				CA13C2AB86CB4F7588C75827 /* GCDWebServerRequest.m in Sources */,
				DBF1F9F43F2F4566BB2B384B /* GCDWebServerResponse.m in Sources */,
				5D92B7BB33B24B89BA94AEE6 /* GCDWebServerDataRequest.m in Sources */,
				E4F64193F3FA4072A9CED4FD /* GCDWebServerFileRequest.m in Sources */,
				31FEBA43F5764CC6BAB49196 /* GCDWebServerMultiPartFormRequest.m in Sources */,
				717891DDA7504FAD91F44B5F /* GCDWebServerURLEncodedFormRequest.m in Sources */,
				3FC60B9EB2DF4B9DB1913EFA /* GCDWebServerDataResponse.m in Sources */,
				EDF84DDA47874DD0984A2F8E /* GCDWebServerErrorResponse.m in Sources */,
				91EED5D95238404FA5903894 /* GCDWebServerFileResponse.m in Sources */,
				886C385474A94A28A9CA828B /* GCDWebServerStreamedResponse.m in Sources */,
				93AA8D3EE18241998B13B58C /* CDVSplashScreen.m in Sources */,
				FCBD9695FC624ED7A5535430 /* CDVViewController+SplashScreen.m in Sources */,
				82D3AE8A80274C0DB9A25825 /* SQLitePlugin.m in Sources */,
				E1C32DBA451A4BB884E1BFF3 /* PSPDFThreadSafeMutableDictionary.m in Sources */,
				64ABFC1077B646C4B7797FDC /* sqlite3.c in Sources */,
				964060A71A64422DA8888978 /* CDVInAppBrowser.m in Sources */,
				5978164B15B34B96A7D7ED9E /* QRScanner.swift in Sources */,
				1817B9C28FCF40EC830365EB /* Flashlight.m in Sources */,
				F484252D71E843CD8BB26979 /* CDVFile.m in Sources */,
				654D2363ABDE45FD9E7CF215 /* CDVLocalFilesystem.m in Sources */,
				1271AF2D010146C8B3D806F8 /* CDVAssetLibraryFilesystem.m in Sources */,
				7D6F1C571D83427FAE0E0585 /* CDVFileTransfer.m in Sources */,
				2C2233E8FA944554BAF670E4 /* CDVBarcodeScanner.mm in Resources */,
			);
			runOnlyForDeploymentPostprocessing = 0;
		};
/* End PBXSourcesBuildPhase section */

/* Begin PBXTargetDependency section */
		301BF551109A68C00062928A /* PBXTargetDependency */ = {
			isa = PBXTargetDependency;
			name = CordovaLib;
			targetProxy = 301BF550109A68C00062928A /* PBXContainerItemProxy */;
		};
/* End PBXTargetDependency section */

/* Begin XCBuildConfiguration section */
		1D6058940D05DD3E006BFB54 /* Debug */ = {
			isa = XCBuildConfiguration;
			baseConfigurationReference = 3047A50F1AB8059700498E2A /* build-debug.xcconfig */;
			buildSettings = {
				ALWAYS_EMBED_SWIFT_STANDARD_LIBRARIES = YES;
				ALWAYS_SEARCH_USER_PATHS = NO;
				ASSETCATALOG_COMPILER_APPICON_NAME = AppIcon;
				ASSETCATALOG_COMPILER_LAUNCHIMAGE_NAME = LaunchImage;
				CLANG_ENABLE_MODULES = YES;
				CLANG_ENABLE_OBJC_ARC = YES;
				COPY_PHASE_STRIP = NO;
				DEVELOPMENT_TEAM = L3QBN4DMSU;
				GCC_DYNAMIC_NO_PIC = NO;
				GCC_OPTIMIZATION_LEVEL = 0;
				GCC_PRECOMPILE_PREFIX_HEADER = YES;
				GCC_PREFIX_HEADER = "ionic/ionic-Prefix.pch";
				GCC_THUMB_SUPPORT = NO;
				GCC_VERSION = "";
				INFOPLIST_FILE = "ionic/ionic-Info.plist";
				IPHONEOS_DEPLOYMENT_TARGET = 9.0;
				LD_RUNPATH_SEARCH_PATHS = "@executable_path/Frameworks";
				PRODUCT_BUNDLE_IDENTIFIER = riant.app.gipsol;
				PRODUCT_NAME = ionic;
				SWIFT_OBJC_BRIDGING_HEADER = "$(PROJECT_DIR)/$(PROJECT_NAME)/Bridging-Header.h";
				SWIFT_VERSION = 3.0;
				TARGETED_DEVICE_FAMILY = "1,2";
			};
			name = Debug;
		};
		1D6058950D05DD3E006BFB54 /* Release */ = {
			isa = XCBuildConfiguration;
			baseConfigurationReference = 3047A5101AB8059700498E2A /* build-release.xcconfig */;
			buildSettings = {
				ALWAYS_EMBED_SWIFT_STANDARD_LIBRARIES = YES;
				ALWAYS_SEARCH_USER_PATHS = NO;
				ASSETCATALOG_COMPILER_APPICON_NAME = AppIcon;
				ASSETCATALOG_COMPILER_LAUNCHIMAGE_NAME = LaunchImage;
				CLANG_ENABLE_MODULES = YES;
				CLANG_ENABLE_OBJC_ARC = YES;
				COPY_PHASE_STRIP = YES;
				DEVELOPMENT_TEAM = L3QBN4DMSU;
				GCC_PRECOMPILE_PREFIX_HEADER = YES;
				GCC_PREFIX_HEADER = "ionic/ionic-Prefix.pch";
				GCC_THUMB_SUPPORT = NO;
				GCC_VERSION = "";
				INFOPLIST_FILE = "ionic/ionic-Info.plist";
				IPHONEOS_DEPLOYMENT_TARGET = 9.0;
				LD_RUNPATH_SEARCH_PATHS = "@executable_path/Frameworks";
				PRODUCT_BUNDLE_IDENTIFIER = riant.app.gipsol;
				PRODUCT_NAME = ionic;
				SWIFT_OBJC_BRIDGING_HEADER = "$(PROJECT_DIR)/$(PROJECT_NAME)/Bridging-Header.h";
				SWIFT_VERSION = 3.0;
				TARGETED_DEVICE_FAMILY = "1,2";
			};
			name = Release;
		};
		C01FCF4F08A954540054247B /* Debug */ = {
			isa = XCBuildConfiguration;
			baseConfigurationReference = 3047A5111AB8059700498E2A /* build.xcconfig */;
			buildSettings = {
				ALWAYS_EMBED_SWIFT_STANDARD_LIBRARIES = YES;
				CLANG_ENABLE_MODULES = YES;
				CLANG_ENABLE_OBJC_ARC = YES;
				CLANG_WARN_BOOL_CONVERSION = YES;
				CLANG_WARN_CONSTANT_CONVERSION = YES;
				CLANG_WARN_EMPTY_BODY = YES;
				CLANG_WARN_ENUM_CONVERSION = YES;
				CLANG_WARN_INT_CONVERSION = YES;
				CLANG_WARN__DUPLICATE_METHOD_MATCH = YES;
				GCC_C_LANGUAGE_STANDARD = c99;
				GCC_THUMB_SUPPORT = NO;
				GCC_VERSION = "";
				GCC_WARN_ABOUT_RETURN_TYPE = YES;
				GCC_WARN_UNDECLARED_SELECTOR = YES;
				GCC_WARN_UNINITIALIZED_AUTOS = YES;
				GCC_WARN_UNUSED_FUNCTION = YES;
				GCC_WARN_UNUSED_VARIABLE = YES;
				ONLY_ACTIVE_ARCH = YES;
				SDKROOT = iphoneos;
				SKIP_INSTALL = NO;
				SWIFT_OBJC_BRIDGING_HEADER = "$(PROJECT_DIR)/$(PROJECT_NAME)/Bridging-Header.h";
				SWIFT_VERSION = 3.0;
			};
			name = Debug;
		};
		C01FCF5008A954540054247B /* Release */ = {
			isa = XCBuildConfiguration;
			baseConfigurationReference = 3047A5111AB8059700498E2A /* build.xcconfig */;
			buildSettings = {
				ALWAYS_EMBED_SWIFT_STANDARD_LIBRARIES = YES;
				CLANG_ENABLE_MODULES = YES;
				CLANG_ENABLE_OBJC_ARC = YES;
				CLANG_WARN_BOOL_CONVERSION = YES;
				CLANG_WARN_CONSTANT_CONVERSION = YES;
				CLANG_WARN_EMPTY_BODY = YES;
				CLANG_WARN_ENUM_CONVERSION = YES;
				CLANG_WARN_INT_CONVERSION = YES;
				CLANG_WARN__DUPLICATE_METHOD_MATCH = YES;
				GCC_C_LANGUAGE_STANDARD = c99;
				GCC_THUMB_SUPPORT = NO;
				GCC_VERSION = "";
				GCC_WARN_ABOUT_RETURN_TYPE = YES;
				GCC_WARN_UNDECLARED_SELECTOR = YES;
				GCC_WARN_UNINITIALIZED_AUTOS = YES;
				GCC_WARN_UNUSED_FUNCTION = YES;
				GCC_WARN_UNUSED_VARIABLE = YES;
				SDKROOT = iphoneos;
				SKIP_INSTALL = NO;
				SWIFT_OBJC_BRIDGING_HEADER = "$(PROJECT_DIR)/$(PROJECT_NAME)/Bridging-Header.h";
				SWIFT_VERSION = 3.0;
			};
			name = Release;
		};
/* End XCBuildConfiguration section */

/* Begin XCConfigurationList section */
		1D6058960D05DD3E006BFB54 /* Build configuration list for PBXNativeTarget "ionic" */ = {
			isa = XCConfigurationList;
			buildConfigurations = (
				1D6058940D05DD3E006BFB54 /* Debug */,
				1D6058950D05DD3E006BFB54 /* Release */,
			);
			defaultConfigurationIsVisible = 0;
			defaultConfigurationName = Release;
		};
		C01FCF4E08A954540054247B /* Build configuration list for PBXProject "ionic" */ = {
			isa = XCConfigurationList;
			buildConfigurations = (
				C01FCF4F08A954540054247B /* Debug */,
				C01FCF5008A954540054247B /* Release */,
			);
			defaultConfigurationIsVisible = 0;
			defaultConfigurationName = Release;
		};
/* End XCConfigurationList section */
	};
	rootObject = 29B97313FDCFA39411CA2CEA /* Project object */;
}
